// !$*UTF8*$!
{
	archiveVersion = 1;
	classes = {
	};
	objectVersion = 56;
	objects = {

/* Begin PBXBuildFile section */
		0833EF782BE52E600024FB2C /* BouquetAllDTO.swift in Sources */ = {isa = PBXBuildFile; fileRef = 0833EF772BE52E600024FB2C /* BouquetAllDTO.swift */; };
		0833EF7A2BE534C40024FB2C /* BouquetAllAPI.swift in Sources */ = {isa = PBXBuildFile; fileRef = 0833EF792BE534C40024FB2C /* BouquetAllAPI.swift */; };
		0833EF7C2BE55AD40024FB2C /* MyPageViewModel.swift in Sources */ = {isa = PBXBuildFile; fileRef = 0833EF7B2BE55AD40024FB2C /* MyPageViewModel.swift */; };
		0833EF7E2BE55B9F0024FB2C /* MyPageModel.swift in Sources */ = {isa = PBXBuildFile; fileRef = 0833EF7D2BE55B9F0024FB2C /* MyPageModel.swift */; };
		08350ABB2BBE859100D30E6D /* ColorSheetHeaderCell.swift in Sources */ = {isa = PBXBuildFile; fileRef = 08350ABA2BBE859100D30E6D /* ColorSheetHeaderCell.swift */; };
		08478E3C2BEBB005003970B9 /* TabBarViewController.swift in Sources */ = {isa = PBXBuildFile; fileRef = 08478E3B2BEBB005003970B9 /* TabBarViewController.swift */; };
		08572A1A2B8CF950002F045F /* CustomAlertViewController.swift in Sources */ = {isa = PBXBuildFile; fileRef = 08572A192B8CF950002F045F /* CustomAlertViewController.swift */; };
		085738372B72344C00AAFAC6 /* Pretendard-Black.otf in Resources */ = {isa = PBXBuildFile; fileRef = 085738302B721A5700AAFAC6 /* Pretendard-Black.otf */; };
		085738382B72346000AAFAC6 /* Pretendard-Bold.otf in Resources */ = {isa = PBXBuildFile; fileRef = 0857382D2B721A5700AAFAC6 /* Pretendard-Bold.otf */; };
		085738392B72348400AAFAC6 /* Pretendard-ExtraBold.otf in Resources */ = {isa = PBXBuildFile; fileRef = 085738312B721A5800AAFAC6 /* Pretendard-ExtraBold.otf */; };
		0857383A2B72348600AAFAC6 /* Pretendard-ExtraLight.otf in Resources */ = {isa = PBXBuildFile; fileRef = 085738322B721A5800AAFAC6 /* Pretendard-ExtraLight.otf */; };
		0857383B2B72348900AAFAC6 /* Pretendard-Light.otf in Resources */ = {isa = PBXBuildFile; fileRef = 0857382C2B721A5700AAFAC6 /* Pretendard-Light.otf */; };
		0857383C2B72348C00AAFAC6 /* Pretendard-Medium.otf in Resources */ = {isa = PBXBuildFile; fileRef = 085738332B721A5800AAFAC6 /* Pretendard-Medium.otf */; };
		0857383D2B72348E00AAFAC6 /* Pretendard-Regular.otf in Resources */ = {isa = PBXBuildFile; fileRef = 0857382F2B721A5700AAFAC6 /* Pretendard-Regular.otf */; };
		0857383E2B72349100AAFAC6 /* Pretendard-SemiBold.otf in Resources */ = {isa = PBXBuildFile; fileRef = 0857382B2B721A5700AAFAC6 /* Pretendard-SemiBold.otf */; };
		0857383F2B72349300AAFAC6 /* Pretendard-Thin.otf in Resources */ = {isa = PBXBuildFile; fileRef = 0857382E2B721A5700AAFAC6 /* Pretendard-Thin.otf */; };
		085738412B726B3000AAFAC6 /* HashTagCustomLabel.swift in Sources */ = {isa = PBXBuildFile; fileRef = 085738402B726B3000AAFAC6 /* HashTagCustomLabel.swift */; };
		085DEE992BA3404500CC5AC2 /* CustomButton.swift in Sources */ = {isa = PBXBuildFile; fileRef = 085DEE982BA3404500CC5AC2 /* CustomButton.swift */; };
		0864AE912BE1F82D00F89488 /* FlowerImage.png in Resources */ = {isa = PBXBuildFile; fileRef = 0864AE902BE1F82D00F89488 /* FlowerImage.png */; };
		0886DA632B957BB9003779CE /* RequestDetailViewController.swift in Sources */ = {isa = PBXBuildFile; fileRef = 0886DA622B957BB9003779CE /* RequestDetailViewController.swift */; };
		0886DA652B957C87003779CE /* RequestDetailViewModel.swift in Sources */ = {isa = PBXBuildFile; fileRef = 0886DA642B957C87003779CE /* RequestDetailViewModel.swift */; };
		0886DA672B9580FE003779CE /* DetailCustomLabel.swift in Sources */ = {isa = PBXBuildFile; fileRef = 0886DA662B9580FE003779CE /* DetailCustomLabel.swift */; };
		0886DA692B962E3B003779CE /* FlowerTypeView.swift in Sources */ = {isa = PBXBuildFile; fileRef = 0886DA682B962E3B003779CE /* FlowerTypeView.swift */; };
		08877E252B74C0F10028BD26 /* CheapFlowerInfoCell.swift in Sources */ = {isa = PBXBuildFile; fileRef = 08877E242B74C0F10028BD26 /* CheapFlowerInfoCell.swift */; };
		08877E282B7623B60028BD26 /* FlowerDetailViewController.swift in Sources */ = {isa = PBXBuildFile; fileRef = 08877E272B7623B60028BD26 /* FlowerDetailViewController.swift */; };
		08877E2D2B7641110028BD26 /* ColorChipButton.swift in Sources */ = {isa = PBXBuildFile; fileRef = 08877E2C2B7641110028BD26 /* ColorChipButton.swift */; };
		0887F6232B866ACC00727F14 /* NoSearchResultCell.swift in Sources */ = {isa = PBXBuildFile; fileRef = 0887F6222B866ACC00727F14 /* NoSearchResultCell.swift */; };
		0887F6262B8677BF00727F14 /* MyPageViewController.swift in Sources */ = {isa = PBXBuildFile; fileRef = 0887F6252B8677BF00727F14 /* MyPageViewController.swift */; };
		0887F6292B867BAE00727F14 /* SavedRequestCell.swift in Sources */ = {isa = PBXBuildFile; fileRef = 0887F6282B867BAE00727F14 /* SavedRequestCell.swift */; };
		0887F62C2B867D5800727F14 /* RequestCustomButton.swift in Sources */ = {isa = PBXBuildFile; fileRef = 0887F62B2B867D5800727F14 /* RequestCustomButton.swift */; };
		08899B762B7E07070087F258 /* TodaysFlowerViewCell.swift in Sources */ = {isa = PBXBuildFile; fileRef = 08899B752B7E07070087F258 /* TodaysFlowerViewCell.swift */; };
		089D507A2BB951AC00877CE3 /* ColorSheetViewController.swift in Sources */ = {isa = PBXBuildFile; fileRef = 089D50792BB951AC00877CE3 /* ColorSheetViewController.swift */; };
		089D507E2BB9833100877CE3 /* DecorateButton.swift in Sources */ = {isa = PBXBuildFile; fileRef = 089D507D2BB9833100877CE3 /* DecorateButton.swift */; };
		089D50842BB9A77300877CE3 /* ColorSheetCell.swift in Sources */ = {isa = PBXBuildFile; fileRef = 089D50832BB9A77300877CE3 /* ColorSheetCell.swift */; };
		08A540192BB133C500710A7D /* ManagementView.swift in Sources */ = {isa = PBXBuildFile; fileRef = 08A540182BB133C500710A7D /* ManagementView.swift */; };
		08A5401B2BB1355400710A7D /* ManagementCell.swift in Sources */ = {isa = PBXBuildFile; fileRef = 08A5401A2BB1355400710A7D /* ManagementCell.swift */; };
		08A5401D2BB136D400710A7D /* ManageImage.png in Resources */ = {isa = PBXBuildFile; fileRef = 08A5401C2BB136D400710A7D /* ManageImage.png */; };
		08C0ADF22BA979BC0099EFE5 /* RequestDetailView.swift in Sources */ = {isa = PBXBuildFile; fileRef = 08C0ADF12BA979BC0099EFE5 /* RequestDetailView.swift */; };
		08C0ADF42BA9B8330099EFE5 /* ImageSaver.swift in Sources */ = {isa = PBXBuildFile; fileRef = 08C0ADF32BA9B8330099EFE5 /* ImageSaver.swift */; };
		08C0ADF62BA9B91D0099EFE5 /* UIView+Extension.swift in Sources */ = {isa = PBXBuildFile; fileRef = 08C0ADF52BA9B91D0099EFE5 /* UIView+Extension.swift */; };
		08C498342B73439E00A2AB70 /* CheapFlowerView.swift in Sources */ = {isa = PBXBuildFile; fileRef = 08C498332B73439E00A2AB70 /* CheapFlowerView.swift */; };
		08C635EE2C01EB220088DE39 /* UITabBar+.swift in Sources */ = {isa = PBXBuildFile; fileRef = 08C635ED2C01EB220088DE39 /* UITabBar+.swift */; };
		08C635F02C01EB470088DE39 /* CALayer+.swift in Sources */ = {isa = PBXBuildFile; fileRef = 08C635EF2C01EB470088DE39 /* CALayer+.swift */; };
		08D0CF332BF70D5B005CBECA /* ToolTipView.swift in Sources */ = {isa = PBXBuildFile; fileRef = 08D0CF322BF70D5B005CBECA /* ToolTipView.swift */; };
		08D245FE2B7FBDA900CDF3B8 /* FlowerSearchViewController.swift in Sources */ = {isa = PBXBuildFile; fileRef = 08D245FD2B7FBDA900CDF3B8 /* FlowerSearchViewController.swift */; };
		08DDC0862BA2C6F600C343CA /* RequestDetailStackView.swift in Sources */ = {isa = PBXBuildFile; fileRef = 08DDC0852BA2C6F600C343CA /* RequestDetailStackView.swift */; };
		08DDC0882BA2CAD900C343CA /* BorderLine.swift in Sources */ = {isa = PBXBuildFile; fileRef = 08DDC0872BA2CAD900C343CA /* BorderLine.swift */; };
		08DF4B4F2B89F76A00305E3F /* CustomizeIntroCell.swift in Sources */ = {isa = PBXBuildFile; fileRef = 08DF4B4E2B89F76A00305E3F /* CustomizeIntroCell.swift */; };
		08F7B2A12B823DDF00DFD4F7 /* FlowerSearchResultCell.swift in Sources */ = {isa = PBXBuildFile; fileRef = 08F7B2A02B823DDF00DFD4F7 /* FlowerSearchResultCell.swift */; };
		5411BA362BDF8529002A85F0 /* AlternativesModel.swift in Sources */ = {isa = PBXBuildFile; fileRef = 5411BA352BDF8529002A85F0 /* AlternativesModel.swift */; };
		5411BA382BE0DEA5002A85F0 /* PackagingAssignType.swift in Sources */ = {isa = PBXBuildFile; fileRef = 5411BA372BE0DEA5002A85F0 /* PackagingAssignType.swift */; };
		5411BA3A2BE11DD8002A85F0 /* UITextView+.swift in Sources */ = {isa = PBXBuildFile; fileRef = 5411BA392BE11DD8002A85F0 /* UITextView+.swift */; };
		5411BA3C2BE27795002A85F0 /* PackagingSelectionModel.swift in Sources */ = {isa = PBXBuildFile; fileRef = 5411BA3B2BE27795002A85F0 /* PackagingSelectionModel.swift */; };
		5413AA712BD5516E006AA160 /* CustomizingSummaryModel.swift in Sources */ = {isa = PBXBuildFile; fileRef = 5413AA702BD5516E006AA160 /* CustomizingSummaryModel.swift */; };
		5413AA732BD5C12A006AA160 /* PurposeView.swift in Sources */ = {isa = PBXBuildFile; fileRef = 5413AA722BD5C12A006AA160 /* PurposeView.swift */; };
		5413AA762BDA6F09006AA160 /* CustomizingSummaryViewModel.swift in Sources */ = {isa = PBXBuildFile; fileRef = 5413AA752BDA6F09006AA160 /* CustomizingSummaryViewModel.swift */; };
		5413AA7B2BDABBE4006AA160 /* AlternativesType.swift in Sources */ = {isa = PBXBuildFile; fileRef = 5413AA7A2BDABBE4006AA160 /* AlternativesType.swift */; };
		542DD3E02B7669A700DBFCCC /* ExitButton.swift in Sources */ = {isa = PBXBuildFile; fileRef = 542DD3DF2B7669A700DBFCCC /* ExitButton.swift */; };
		542DD3E52B77BC8200DBFCCC /* CustomExitAlertViewController.swift in Sources */ = {isa = PBXBuildFile; fileRef = 542DD3E42B77BC8200DBFCCC /* CustomExitAlertViewController.swift */; };
		542DD3E72B7813A300DBFCCC /* PurposeViewModel.swift in Sources */ = {isa = PBXBuildFile; fileRef = 542DD3E62B7813A300DBFCCC /* PurposeViewModel.swift */; };
		542DD3EB2B78F65D00DBFCCC /* FlowerColorPickerViewController.swift in Sources */ = {isa = PBXBuildFile; fileRef = 542DD3EA2B78F65D00DBFCCC /* FlowerColorPickerViewController.swift */; };
		542DD3EE2B79047C00DBFCCC /* FlowerColorPickerViewModel.swift in Sources */ = {isa = PBXBuildFile; fileRef = 542DD3ED2B79047C00DBFCCC /* FlowerColorPickerViewModel.swift */; };
		542DD3F02B794B1000DBFCCC /* PurposeModel.swift in Sources */ = {isa = PBXBuildFile; fileRef = 542DD3EF2B794B1000DBFCCC /* PurposeModel.swift */; };
		544FC0B32C03A5C70091EEE2 /* BouquetDetailDTO.swift in Sources */ = {isa = PBXBuildFile; fileRef = 544FC0B22C03A5C70091EEE2 /* BouquetDetailDTO.swift */; };
		544FC0B52C03A70D0091EEE2 /* BouquetDetailAPI.swift in Sources */ = {isa = PBXBuildFile; fileRef = 544FC0B42C03A70D0091EEE2 /* BouquetDetailAPI.swift */; };
		544FC0B72C03C40C0091EEE2 /* DeleteBouquetDTO.swift in Sources */ = {isa = PBXBuildFile; fileRef = 544FC0B62C03C40C0091EEE2 /* DeleteBouquetDTO.swift */; };
		544FC0B92C03C44B0091EEE2 /* DeleteBouquetAPI.swift in Sources */ = {isa = PBXBuildFile; fileRef = 544FC0B82C03C44B0091EEE2 /* DeleteBouquetAPI.swift */; };
		5460710E2B8235E10033B598 /* ColorPickerView.swift in Sources */ = {isa = PBXBuildFile; fileRef = 5460710D2B8235E10033B598 /* ColorPickerView.swift */; };
		546071132B863BB70033B598 /* NumberOfColorsType.swift in Sources */ = {isa = PBXBuildFile; fileRef = 546071122B863BB70033B598 /* NumberOfColorsType.swift */; };
		546071242B88C22F0033B598 /* HTTPMethods.swift in Sources */ = {isa = PBXBuildFile; fileRef = 546071232B88C22F0033B598 /* HTTPMethods.swift */; };
		546071262B88C2740033B598 /* NetworkError.swift in Sources */ = {isa = PBXBuildFile; fileRef = 546071252B88C2740033B598 /* NetworkError.swift */; };
		546071282B88C2C30033B598 /* ServableAPI.swift in Sources */ = {isa = PBXBuildFile; fileRef = 546071272B88C2C30033B598 /* ServableAPI.swift */; };
		5460712A2B88C4D30033B598 /* NetworkService.swift in Sources */ = {isa = PBXBuildFile; fileRef = 546071292B88C4D30033B598 /* NetworkService.swift */; };
		546071322B88C6A30033B598 /* NetworkManager.swift in Sources */ = {isa = PBXBuildFile; fileRef = 546071312B88C6A30033B598 /* NetworkManager.swift */; };
		546071342B88D7490033B598 /* FlowerColorPickerModel.swift in Sources */ = {isa = PBXBuildFile; fileRef = 546071332B88D7490033B598 /* FlowerColorPickerModel.swift */; };
		548C4AE72B8E694A002F4FCB /* Constants.swift in Sources */ = {isa = PBXBuildFile; fileRef = 548C4AE62B8E694A002F4FCB /* Constants.swift */; };
		548C4AEA2B8E6B75002F4FCB /* HashTagCollectionViewCell.swift in Sources */ = {isa = PBXBuildFile; fileRef = 548C4AE92B8E6B75002F4FCB /* HashTagCollectionViewCell.swift */; };
		548C4AED2B8E98F6002F4FCB /* FlowerSelectTableViewCell.swift in Sources */ = {isa = PBXBuildFile; fileRef = 548C4AEC2B8E98F6002F4FCB /* FlowerSelectTableViewCell.swift */; };
		54D5BAFD2BE3F66A00C538E1 /* FlowerPriceViewModel.swift in Sources */ = {isa = PBXBuildFile; fileRef = 54D5BAFC2BE3F66A00C538E1 /* FlowerPriceViewModel.swift */; };
		54D5BAFF2BE4016600C538E1 /* FlowerPriceModel.swift in Sources */ = {isa = PBXBuildFile; fileRef = 54D5BAFE2BE4016600C538E1 /* FlowerPriceModel.swift */; };
		54D5BB012BE406F400C538E1 /* Int+.swift in Sources */ = {isa = PBXBuildFile; fileRef = 54D5BB002BE406F400C538E1 /* Int+.swift */; };
		54D6B7E42B9CAA7200628FF7 /* PackagingSelectionViewController.swift in Sources */ = {isa = PBXBuildFile; fileRef = 54D6B7E32B9CAA7200628FF7 /* PackagingSelectionViewController.swift */; };
		54D6B7E62B9CAEA200628FF7 /* PackagingSelectionViewModel.swift in Sources */ = {isa = PBXBuildFile; fileRef = 54D6B7E52B9CAEA200628FF7 /* PackagingSelectionViewModel.swift */; };
		54D8565E2BDAFC390099D818 /* SpacebarButton.swift in Sources */ = {isa = PBXBuildFile; fileRef = 54D8565D2BDAFC390099D818 /* SpacebarButton.swift */; };
		54D856602BDD40750099D818 /* AlternativesViewModel.swift in Sources */ = {isa = PBXBuildFile; fileRef = 54D8565F2BDD40750099D818 /* AlternativesViewModel.swift */; };
		54DC8C1F2B95AFE80060CDC6 /* tempHashTagLabel.swift in Sources */ = {isa = PBXBuildFile; fileRef = 54DC8C1E2B95AFE80060CDC6 /* tempHashTagLabel.swift */; };
		54E9816B2B90A5CC000669DB /* FlowerSelectViewModel.swift in Sources */ = {isa = PBXBuildFile; fileRef = 54E9816A2B90A5CC000669DB /* FlowerSelectViewModel.swift */; };
		54E9816F2B90A6EB000669DB /* AlternativesViewController.swift in Sources */ = {isa = PBXBuildFile; fileRef = 54E9816E2B90A6EB000669DB /* AlternativesViewController.swift */; };
		54EA0E6B2BF5E398007B8F5A /* PostCustomBouquetDTO.swift in Sources */ = {isa = PBXBuildFile; fileRef = 54EA0E6A2BF5E398007B8F5A /* PostCustomBouquetDTO.swift */; };
		54EA0E6E2BF5E732007B8F5A /* PostCustomBouquetRequestDTO.swift in Sources */ = {isa = PBXBuildFile; fileRef = 54EA0E6D2BF5E732007B8F5A /* PostCustomBouquetRequestDTO.swift */; };
		54EA0E702BF6183B007B8F5A /* ShadowBorderLine.swift in Sources */ = {isa = PBXBuildFile; fileRef = 54EA0E6F2BF6183B007B8F5A /* ShadowBorderLine.swift */; };
		54EA0E722BF779C6007B8F5A /* PostCustomBouquetAPI.swift in Sources */ = {isa = PBXBuildFile; fileRef = 54EA0E712BF779C6007B8F5A /* PostCustomBouquetAPI.swift */; };
		54EB17CA2B9D83C500717E6F /* FlowerPriceViewController.swift in Sources */ = {isa = PBXBuildFile; fileRef = 54EB17C92B9D83C500717E6F /* FlowerPriceViewController.swift */; };
		54EB17CC2B9D83E200717E6F /* RangeSlider.swift in Sources */ = {isa = PBXBuildFile; fileRef = 54EB17CB2B9D83E200717E6F /* RangeSlider.swift */; };
		54EB17D12BA08C2100717E6F /* PhotoSelectionViewController.swift in Sources */ = {isa = PBXBuildFile; fileRef = 54EB17D02BA08C2100717E6F /* PhotoSelectionViewController.swift */; };
		54EB17D22BA08CA300717E6F /* FlowerSelectViewController.swift in Sources */ = {isa = PBXBuildFile; fileRef = 546071162B87EBB50033B598 /* FlowerSelectViewController.swift */; };
		54EB17D62BA1D24100717E6F /* AlbumService.swift in Sources */ = {isa = PBXBuildFile; fileRef = 54EB17D52BA1D24100717E6F /* AlbumService.swift */; };
		54EB17D82BA1D2A400717E6F /* MediaType.swift in Sources */ = {isa = PBXBuildFile; fileRef = 54EB17D72BA1D2A400717E6F /* MediaType.swift */; };
		54EB17DA2BA1D2C900717E6F /* AlbumInfo.swift in Sources */ = {isa = PBXBuildFile; fileRef = 54EB17D92BA1D2C900717E6F /* AlbumInfo.swift */; };
		54EB17DC2BA1D48F00717E6F /* PhotoAuthService.swift in Sources */ = {isa = PBXBuildFile; fileRef = 54EB17DB2BA1D48F00717E6F /* PhotoAuthService.swift */; };
		54EB17DE2BA1D4B200717E6F /* PhotoService.swift in Sources */ = {isa = PBXBuildFile; fileRef = 54EB17DD2BA1D4B200717E6F /* PhotoService.swift */; };
		54EB17E02BA2EA2600717E6F /* PhotoSelectionViewModel.swift in Sources */ = {isa = PBXBuildFile; fileRef = 54EB17DF2BA2EA2600717E6F /* PhotoSelectionViewModel.swift */; };
		54EB17E32BA2F07D00717E6F /* PhotoViewController.swift in Sources */ = {isa = PBXBuildFile; fileRef = 54EB17E22BA2F07D00717E6F /* PhotoViewController.swift */; };
		54EB17E62BA354F400717E6F /* PhotoCell.swift in Sources */ = {isa = PBXBuildFile; fileRef = 54EB17E52BA354F400717E6F /* PhotoCell.swift */; };
		54EB17E82BA4796700717E6F /* BasePaddingLabel.swift in Sources */ = {isa = PBXBuildFile; fileRef = 54EB17E72BA4796700717E6F /* BasePaddingLabel.swift */; };
		54EB17EA2BA9ED5700717E6F /* UIButton+.swift in Sources */ = {isa = PBXBuildFile; fileRef = 54EB17E92BA9ED5700717E6F /* UIButton+.swift */; };
		54EB17ED2BAB103900717E6F /* CustomizingSummaryViewController.swift in Sources */ = {isa = PBXBuildFile; fileRef = 54EB17EC2BAB103900717E6F /* CustomizingSummaryViewController.swift */; };
		54EB17F82BADA9D300717E6F /* SaveAlertViewController.swift in Sources */ = {isa = PBXBuildFile; fileRef = 54EB17F72BADA9D300717E6F /* SaveAlertViewController.swift */; };
		54EB17FC2BB46F2200717E6F /* Color.xcassets in Resources */ = {isa = PBXBuildFile; fileRef = 54EB17FB2BB46F2200717E6F /* Color.xcassets */; };
		54EB17FE2BB4768400717E6F /* Palette.swift in Sources */ = {isa = PBXBuildFile; fileRef = 54EB17FD2BB4768400717E6F /* Palette.swift */; };
		54EB18012BB4773900717E6F /* UIColor+.swift in Sources */ = {isa = PBXBuildFile; fileRef = 54EB18002BB4773900717E6F /* UIColor+.swift */; };
		54EB18032BB5400F00717E6F /* UIFont+.swift in Sources */ = {isa = PBXBuildFile; fileRef = 54EB18022BB5400F00717E6F /* UIFont+.swift */; };
		54EB18052BB56E5300717E6F /* ColorSelectionButton.swift in Sources */ = {isa = PBXBuildFile; fileRef = 54EB18042BB56E5300717E6F /* ColorSelectionButton.swift */; };
		54EB18072BB5884500717E6F /* UIScrollView+.swift in Sources */ = {isa = PBXBuildFile; fileRef = 54EB18062BB5884500717E6F /* UIScrollView+.swift */; };
		54EB180B2BBD686300717E6F /* UIViewController+.swift in Sources */ = {isa = PBXBuildFile; fileRef = 54EB180A2BBD686300717E6F /* UIViewController+.swift */; };
		54EB180E2BBF4C1200717E6F /* FlowerKeywordAPI.swift in Sources */ = {isa = PBXBuildFile; fileRef = 54EB180D2BBF4C1200717E6F /* FlowerKeywordAPI.swift */; };
		54EB18102BBF4C2C00717E6F /* FlowerKeywordDTO.swift in Sources */ = {isa = PBXBuildFile; fileRef = 54EB180F2BBF4C2C00717E6F /* FlowerKeywordDTO.swift */; };
		54EB18122BBF542C00717E6F /* FlowerSelectModel.swift in Sources */ = {isa = PBXBuildFile; fileRef = 54EB18112BBF542C00717E6F /* FlowerSelectModel.swift */; };
		54EB18152BC018C900717E6F /* UIImageView+.swift in Sources */ = {isa = PBXBuildFile; fileRef = 54EB18142BC018C900717E6F /* UIImageView+.swift */; };
		54F695942BF15007009E3E4D /* MemberRegisterDTO.swift in Sources */ = {isa = PBXBuildFile; fileRef = 54F695932BF15007009E3E4D /* MemberRegisterDTO.swift */; };
		54F695962BF1505D009E3E4D /* MemberRegisterAPI.swift in Sources */ = {isa = PBXBuildFile; fileRef = 54F695952BF1505D009E3E4D /* MemberRegisterAPI.swift */; };
		54F695982BF1B823009E3E4D /* MemberRegisterRequestDTO.swift in Sources */ = {isa = PBXBuildFile; fileRef = 54F695972BF1B823009E3E4D /* MemberRegisterRequestDTO.swift */; };
		54F6959C2BF2A5C9009E3E4D /* KeychainManager.swift in Sources */ = {isa = PBXBuildFile; fileRef = 54F6959B2BF2A5C9009E3E4D /* KeychainManager.swift */; };
		54F6959E2BF535D5009E3E4D /* RequestDetailType.swift in Sources */ = {isa = PBXBuildFile; fileRef = 54F6959D2BF535D5009E3E4D /* RequestDetailType.swift */; };
		54FD0F2F2B6FCE2D00F964C3 /* AppDelegate.swift in Sources */ = {isa = PBXBuildFile; fileRef = 54FD0F2E2B6FCE2D00F964C3 /* AppDelegate.swift */; };
		54FD0F312B6FCE2D00F964C3 /* SceneDelegate.swift in Sources */ = {isa = PBXBuildFile; fileRef = 54FD0F302B6FCE2D00F964C3 /* SceneDelegate.swift */; };
		54FD0F332B6FCE2D00F964C3 /* HomeViewController.swift in Sources */ = {isa = PBXBuildFile; fileRef = 54FD0F322B6FCE2D00F964C3 /* HomeViewController.swift */; };
		54FD0F382B6FCE2E00F964C3 /* Assets.xcassets in Resources */ = {isa = PBXBuildFile; fileRef = 54FD0F372B6FCE2E00F964C3 /* Assets.xcassets */; };
		54FD0F462B6FCE2E00F964C3 /* WHOA_iOSTests.swift in Sources */ = {isa = PBXBuildFile; fileRef = 54FD0F452B6FCE2E00F964C3 /* WHOA_iOSTests.swift */; };
		54FD0F502B6FCE2E00F964C3 /* WHOA_iOSUITests.swift in Sources */ = {isa = PBXBuildFile; fileRef = 54FD0F4F2B6FCE2E00F964C3 /* WHOA_iOSUITests.swift */; };
		54FD0F522B6FCE2E00F964C3 /* WHOA_iOSUITestsLaunchTests.swift in Sources */ = {isa = PBXBuildFile; fileRef = 54FD0F512B6FCE2E00F964C3 /* WHOA_iOSUITestsLaunchTests.swift */; };
		54FD0F652B7000C000F964C3 /* SnapKit in Frameworks */ = {isa = PBXBuildFile; productRef = 54FD0F642B7000C000F964C3 /* SnapKit */; };
		54FD0F682B7002D300F964C3 /* Alamofire in Frameworks */ = {isa = PBXBuildFile; productRef = 54FD0F672B7002D300F964C3 /* Alamofire */; };
		54FD0F6C2B701B9C00F964C3 /* PurposeViewController.swift in Sources */ = {isa = PBXBuildFile; fileRef = 54FD0F6B2B701B9C00F964C3 /* PurposeViewController.swift */; };
		54FD0F6F2B73422900F964C3 /* CustomProgressHStackView.swift in Sources */ = {isa = PBXBuildFile; fileRef = 54FD0F6E2B73422900F964C3 /* CustomProgressHStackView.swift */; };
		54FD0F712B73BF4900F964C3 /* CustomTitleLabel.swift in Sources */ = {isa = PBXBuildFile; fileRef = 54FD0F702B73BF4900F964C3 /* CustomTitleLabel.swift */; };
		54FD0F742B73C0BA00F964C3 /* CustomDescriptionLabel.swift in Sources */ = {isa = PBXBuildFile; fileRef = 54FD0F732B73C0BA00F964C3 /* CustomDescriptionLabel.swift */; };
		54FD0F782B73CF6200F964C3 /* ImageManager.swift in Sources */ = {isa = PBXBuildFile; fileRef = 54FD0F772B73CF6200F964C3 /* ImageManager.swift */; };
		54FD0F7C2B73E13B00F964C3 /* PurposeButtonHStackView.swift in Sources */ = {isa = PBXBuildFile; fileRef = 54FD0F7B2B73E13B00F964C3 /* PurposeButtonHStackView.swift */; };
		54FD0F7F2B742C4900F964C3 /* BackButton.swift in Sources */ = {isa = PBXBuildFile; fileRef = 54FD0F7E2B742C4900F964C3 /* BackButton.swift */; };
		54FD0F812B743C0000F964C3 /* NextButton.swift in Sources */ = {isa = PBXBuildFile; fileRef = 54FD0F802B743C0000F964C3 /* NextButton.swift */; };
		54FD0F852B74C13B00F964C3 /* PurposeType.swift in Sources */ = {isa = PBXBuildFile; fileRef = 54FD0F842B74C13B00F964C3 /* PurposeType.swift */; };
/* End PBXBuildFile section */

/* Begin PBXContainerItemProxy section */
		54FD0F422B6FCE2E00F964C3 /* PBXContainerItemProxy */ = {
			isa = PBXContainerItemProxy;
			containerPortal = 54FD0F232B6FCE2D00F964C3 /* Project object */;
			proxyType = 1;
			remoteGlobalIDString = 54FD0F2A2B6FCE2D00F964C3;
			remoteInfo = WHOA_iOS;
		};
		54FD0F4C2B6FCE2E00F964C3 /* PBXContainerItemProxy */ = {
			isa = PBXContainerItemProxy;
			containerPortal = 54FD0F232B6FCE2D00F964C3 /* Project object */;
			proxyType = 1;
			remoteGlobalIDString = 54FD0F2A2B6FCE2D00F964C3;
			remoteInfo = WHOA_iOS;
		};
/* End PBXContainerItemProxy section */

/* Begin PBXFileReference section */
		0833EF772BE52E600024FB2C /* BouquetAllDTO.swift */ = {isa = PBXFileReference; lastKnownFileType = sourcecode.swift; path = BouquetAllDTO.swift; sourceTree = "<group>"; };
		0833EF792BE534C40024FB2C /* BouquetAllAPI.swift */ = {isa = PBXFileReference; lastKnownFileType = sourcecode.swift; path = BouquetAllAPI.swift; sourceTree = "<group>"; };
		0833EF7B2BE55AD40024FB2C /* MyPageViewModel.swift */ = {isa = PBXFileReference; lastKnownFileType = sourcecode.swift; path = MyPageViewModel.swift; sourceTree = "<group>"; };
		0833EF7D2BE55B9F0024FB2C /* MyPageModel.swift */ = {isa = PBXFileReference; lastKnownFileType = sourcecode.swift; path = MyPageModel.swift; sourceTree = "<group>"; };
		08350ABA2BBE859100D30E6D /* ColorSheetHeaderCell.swift */ = {isa = PBXFileReference; lastKnownFileType = sourcecode.swift; path = ColorSheetHeaderCell.swift; sourceTree = "<group>"; };
		08478E3B2BEBB005003970B9 /* TabBarViewController.swift */ = {isa = PBXFileReference; lastKnownFileType = sourcecode.swift; path = TabBarViewController.swift; sourceTree = "<group>"; };
		08572A192B8CF950002F045F /* CustomAlertViewController.swift */ = {isa = PBXFileReference; lastKnownFileType = sourcecode.swift; path = CustomAlertViewController.swift; sourceTree = "<group>"; };
		0857382B2B721A5700AAFAC6 /* Pretendard-SemiBold.otf */ = {isa = PBXFileReference; lastKnownFileType = file; path = "Pretendard-SemiBold.otf"; sourceTree = "<group>"; };
		0857382C2B721A5700AAFAC6 /* Pretendard-Light.otf */ = {isa = PBXFileReference; lastKnownFileType = file; path = "Pretendard-Light.otf"; sourceTree = "<group>"; };
		0857382D2B721A5700AAFAC6 /* Pretendard-Bold.otf */ = {isa = PBXFileReference; lastKnownFileType = file; path = "Pretendard-Bold.otf"; sourceTree = "<group>"; };
		0857382E2B721A5700AAFAC6 /* Pretendard-Thin.otf */ = {isa = PBXFileReference; lastKnownFileType = file; path = "Pretendard-Thin.otf"; sourceTree = "<group>"; };
		0857382F2B721A5700AAFAC6 /* Pretendard-Regular.otf */ = {isa = PBXFileReference; lastKnownFileType = file; path = "Pretendard-Regular.otf"; sourceTree = "<group>"; };
		085738302B721A5700AAFAC6 /* Pretendard-Black.otf */ = {isa = PBXFileReference; lastKnownFileType = file; path = "Pretendard-Black.otf"; sourceTree = "<group>"; };
		085738312B721A5800AAFAC6 /* Pretendard-ExtraBold.otf */ = {isa = PBXFileReference; lastKnownFileType = file; path = "Pretendard-ExtraBold.otf"; sourceTree = "<group>"; };
		085738322B721A5800AAFAC6 /* Pretendard-ExtraLight.otf */ = {isa = PBXFileReference; lastKnownFileType = file; path = "Pretendard-ExtraLight.otf"; sourceTree = "<group>"; };
		085738332B721A5800AAFAC6 /* Pretendard-Medium.otf */ = {isa = PBXFileReference; lastKnownFileType = file; path = "Pretendard-Medium.otf"; sourceTree = "<group>"; };
		085738402B726B3000AAFAC6 /* HashTagCustomLabel.swift */ = {isa = PBXFileReference; lastKnownFileType = sourcecode.swift; path = HashTagCustomLabel.swift; sourceTree = "<group>"; };
		085DEE982BA3404500CC5AC2 /* CustomButton.swift */ = {isa = PBXFileReference; lastKnownFileType = sourcecode.swift; path = CustomButton.swift; sourceTree = "<group>"; };
		0864AE902BE1F82D00F89488 /* FlowerImage.png */ = {isa = PBXFileReference; lastKnownFileType = image.png; path = FlowerImage.png; sourceTree = "<group>"; };
		0886DA622B957BB9003779CE /* RequestDetailViewController.swift */ = {isa = PBXFileReference; lastKnownFileType = sourcecode.swift; path = RequestDetailViewController.swift; sourceTree = "<group>"; };
		0886DA642B957C87003779CE /* RequestDetailViewModel.swift */ = {isa = PBXFileReference; lastKnownFileType = sourcecode.swift; path = RequestDetailViewModel.swift; sourceTree = "<group>"; };
		0886DA662B9580FE003779CE /* DetailCustomLabel.swift */ = {isa = PBXFileReference; lastKnownFileType = sourcecode.swift; path = DetailCustomLabel.swift; sourceTree = "<group>"; };
		0886DA682B962E3B003779CE /* FlowerTypeView.swift */ = {isa = PBXFileReference; lastKnownFileType = sourcecode.swift; path = FlowerTypeView.swift; sourceTree = "<group>"; };
		08877E242B74C0F10028BD26 /* CheapFlowerInfoCell.swift */ = {isa = PBXFileReference; lastKnownFileType = sourcecode.swift; path = CheapFlowerInfoCell.swift; sourceTree = "<group>"; };
		08877E272B7623B60028BD26 /* FlowerDetailViewController.swift */ = {isa = PBXFileReference; lastKnownFileType = sourcecode.swift; path = FlowerDetailViewController.swift; sourceTree = "<group>"; };
		08877E2C2B7641110028BD26 /* ColorChipButton.swift */ = {isa = PBXFileReference; lastKnownFileType = sourcecode.swift; path = ColorChipButton.swift; sourceTree = "<group>"; };
		0887F6222B866ACC00727F14 /* NoSearchResultCell.swift */ = {isa = PBXFileReference; lastKnownFileType = sourcecode.swift; path = NoSearchResultCell.swift; sourceTree = "<group>"; };
		0887F6252B8677BF00727F14 /* MyPageViewController.swift */ = {isa = PBXFileReference; lastKnownFileType = sourcecode.swift; path = MyPageViewController.swift; sourceTree = "<group>"; };
		0887F6282B867BAE00727F14 /* SavedRequestCell.swift */ = {isa = PBXFileReference; lastKnownFileType = sourcecode.swift; path = SavedRequestCell.swift; sourceTree = "<group>"; };
		0887F62B2B867D5800727F14 /* RequestCustomButton.swift */ = {isa = PBXFileReference; lastKnownFileType = sourcecode.swift; path = RequestCustomButton.swift; sourceTree = "<group>"; };
		08899B752B7E07070087F258 /* TodaysFlowerViewCell.swift */ = {isa = PBXFileReference; lastKnownFileType = sourcecode.swift; path = TodaysFlowerViewCell.swift; sourceTree = "<group>"; };
		089D50792BB951AC00877CE3 /* ColorSheetViewController.swift */ = {isa = PBXFileReference; lastKnownFileType = sourcecode.swift; path = ColorSheetViewController.swift; sourceTree = "<group>"; };
		089D507D2BB9833100877CE3 /* DecorateButton.swift */ = {isa = PBXFileReference; lastKnownFileType = sourcecode.swift; path = DecorateButton.swift; sourceTree = "<group>"; };
		089D50832BB9A77300877CE3 /* ColorSheetCell.swift */ = {isa = PBXFileReference; lastKnownFileType = sourcecode.swift; path = ColorSheetCell.swift; sourceTree = "<group>"; };
		08A540182BB133C500710A7D /* ManagementView.swift */ = {isa = PBXFileReference; lastKnownFileType = sourcecode.swift; path = ManagementView.swift; sourceTree = "<group>"; };
		08A5401A2BB1355400710A7D /* ManagementCell.swift */ = {isa = PBXFileReference; lastKnownFileType = sourcecode.swift; path = ManagementCell.swift; sourceTree = "<group>"; };
		08A5401C2BB136D400710A7D /* ManageImage.png */ = {isa = PBXFileReference; lastKnownFileType = image.png; path = ManageImage.png; sourceTree = "<group>"; };
		08C0ADF12BA979BC0099EFE5 /* RequestDetailView.swift */ = {isa = PBXFileReference; lastKnownFileType = sourcecode.swift; path = RequestDetailView.swift; sourceTree = "<group>"; };
		08C0ADF32BA9B8330099EFE5 /* ImageSaver.swift */ = {isa = PBXFileReference; lastKnownFileType = sourcecode.swift; path = ImageSaver.swift; sourceTree = "<group>"; };
		08C0ADF52BA9B91D0099EFE5 /* UIView+Extension.swift */ = {isa = PBXFileReference; lastKnownFileType = sourcecode.swift; path = "UIView+Extension.swift"; sourceTree = "<group>"; };
		08C498332B73439E00A2AB70 /* CheapFlowerView.swift */ = {isa = PBXFileReference; lastKnownFileType = sourcecode.swift; path = CheapFlowerView.swift; sourceTree = "<group>"; };
		08C635ED2C01EB220088DE39 /* UITabBar+.swift */ = {isa = PBXFileReference; lastKnownFileType = sourcecode.swift; path = "UITabBar+.swift"; sourceTree = "<group>"; };
		08C635EF2C01EB470088DE39 /* CALayer+.swift */ = {isa = PBXFileReference; lastKnownFileType = sourcecode.swift; path = "CALayer+.swift"; sourceTree = "<group>"; };
		08D0CF322BF70D5B005CBECA /* ToolTipView.swift */ = {isa = PBXFileReference; lastKnownFileType = sourcecode.swift; path = ToolTipView.swift; sourceTree = "<group>"; };
		08D245FD2B7FBDA900CDF3B8 /* FlowerSearchViewController.swift */ = {isa = PBXFileReference; lastKnownFileType = sourcecode.swift; path = FlowerSearchViewController.swift; sourceTree = "<group>"; };
		08DDC0852BA2C6F600C343CA /* RequestDetailStackView.swift */ = {isa = PBXFileReference; lastKnownFileType = sourcecode.swift; path = RequestDetailStackView.swift; sourceTree = "<group>"; };
		08DDC0872BA2CAD900C343CA /* BorderLine.swift */ = {isa = PBXFileReference; lastKnownFileType = sourcecode.swift; path = BorderLine.swift; sourceTree = "<group>"; };
		08DF4B4E2B89F76A00305E3F /* CustomizeIntroCell.swift */ = {isa = PBXFileReference; lastKnownFileType = sourcecode.swift; path = CustomizeIntroCell.swift; sourceTree = "<group>"; };
		08F7B2A02B823DDF00DFD4F7 /* FlowerSearchResultCell.swift */ = {isa = PBXFileReference; lastKnownFileType = sourcecode.swift; path = FlowerSearchResultCell.swift; sourceTree = "<group>"; };
		5411BA352BDF8529002A85F0 /* AlternativesModel.swift */ = {isa = PBXFileReference; lastKnownFileType = sourcecode.swift; path = AlternativesModel.swift; sourceTree = "<group>"; };
		5411BA372BE0DEA5002A85F0 /* PackagingAssignType.swift */ = {isa = PBXFileReference; lastKnownFileType = sourcecode.swift; path = PackagingAssignType.swift; sourceTree = "<group>"; };
		5411BA392BE11DD8002A85F0 /* UITextView+.swift */ = {isa = PBXFileReference; lastKnownFileType = sourcecode.swift; path = "UITextView+.swift"; sourceTree = "<group>"; };
		5411BA3B2BE27795002A85F0 /* PackagingSelectionModel.swift */ = {isa = PBXFileReference; lastKnownFileType = sourcecode.swift; path = PackagingSelectionModel.swift; sourceTree = "<group>"; };
		5413AA702BD5516E006AA160 /* CustomizingSummaryModel.swift */ = {isa = PBXFileReference; lastKnownFileType = sourcecode.swift; path = CustomizingSummaryModel.swift; sourceTree = "<group>"; };
		5413AA722BD5C12A006AA160 /* PurposeView.swift */ = {isa = PBXFileReference; lastKnownFileType = sourcecode.swift; path = PurposeView.swift; sourceTree = "<group>"; };
		5413AA752BDA6F09006AA160 /* CustomizingSummaryViewModel.swift */ = {isa = PBXFileReference; lastKnownFileType = sourcecode.swift; path = CustomizingSummaryViewModel.swift; sourceTree = "<group>"; };
		5413AA7A2BDABBE4006AA160 /* AlternativesType.swift */ = {isa = PBXFileReference; lastKnownFileType = sourcecode.swift; path = AlternativesType.swift; sourceTree = "<group>"; };
		542DD3DF2B7669A700DBFCCC /* ExitButton.swift */ = {isa = PBXFileReference; lastKnownFileType = sourcecode.swift; path = ExitButton.swift; sourceTree = "<group>"; };
		542DD3E42B77BC8200DBFCCC /* CustomExitAlertViewController.swift */ = {isa = PBXFileReference; lastKnownFileType = sourcecode.swift; path = CustomExitAlertViewController.swift; sourceTree = "<group>"; };
		542DD3E62B7813A300DBFCCC /* PurposeViewModel.swift */ = {isa = PBXFileReference; lastKnownFileType = sourcecode.swift; path = PurposeViewModel.swift; sourceTree = "<group>"; };
		542DD3EA2B78F65D00DBFCCC /* FlowerColorPickerViewController.swift */ = {isa = PBXFileReference; lastKnownFileType = sourcecode.swift; path = FlowerColorPickerViewController.swift; sourceTree = "<group>"; };
		542DD3ED2B79047C00DBFCCC /* FlowerColorPickerViewModel.swift */ = {isa = PBXFileReference; lastKnownFileType = sourcecode.swift; path = FlowerColorPickerViewModel.swift; sourceTree = "<group>"; };
		542DD3EF2B794B1000DBFCCC /* PurposeModel.swift */ = {isa = PBXFileReference; lastKnownFileType = sourcecode.swift; path = PurposeModel.swift; sourceTree = "<group>"; };
		544FC0B22C03A5C70091EEE2 /* BouquetDetailDTO.swift */ = {isa = PBXFileReference; lastKnownFileType = sourcecode.swift; path = BouquetDetailDTO.swift; sourceTree = "<group>"; };
		544FC0B42C03A70D0091EEE2 /* BouquetDetailAPI.swift */ = {isa = PBXFileReference; lastKnownFileType = sourcecode.swift; path = BouquetDetailAPI.swift; sourceTree = "<group>"; };
		544FC0B62C03C40C0091EEE2 /* DeleteBouquetDTO.swift */ = {isa = PBXFileReference; lastKnownFileType = sourcecode.swift; path = DeleteBouquetDTO.swift; sourceTree = "<group>"; };
		544FC0B82C03C44B0091EEE2 /* DeleteBouquetAPI.swift */ = {isa = PBXFileReference; lastKnownFileType = sourcecode.swift; path = DeleteBouquetAPI.swift; sourceTree = "<group>"; };
		5460710D2B8235E10033B598 /* ColorPickerView.swift */ = {isa = PBXFileReference; lastKnownFileType = sourcecode.swift; path = ColorPickerView.swift; sourceTree = "<group>"; };
		546071122B863BB70033B598 /* NumberOfColorsType.swift */ = {isa = PBXFileReference; lastKnownFileType = sourcecode.swift; path = NumberOfColorsType.swift; sourceTree = "<group>"; };
		546071162B87EBB50033B598 /* FlowerSelectViewController.swift */ = {isa = PBXFileReference; lastKnownFileType = sourcecode.swift; path = FlowerSelectViewController.swift; sourceTree = "<group>"; };
		546071232B88C22F0033B598 /* HTTPMethods.swift */ = {isa = PBXFileReference; lastKnownFileType = sourcecode.swift; path = HTTPMethods.swift; sourceTree = "<group>"; };
		546071252B88C2740033B598 /* NetworkError.swift */ = {isa = PBXFileReference; lastKnownFileType = sourcecode.swift; path = NetworkError.swift; sourceTree = "<group>"; };
		546071272B88C2C30033B598 /* ServableAPI.swift */ = {isa = PBXFileReference; lastKnownFileType = sourcecode.swift; path = ServableAPI.swift; sourceTree = "<group>"; };
		546071292B88C4D30033B598 /* NetworkService.swift */ = {isa = PBXFileReference; lastKnownFileType = sourcecode.swift; path = NetworkService.swift; sourceTree = "<group>"; };
		546071312B88C6A30033B598 /* NetworkManager.swift */ = {isa = PBXFileReference; lastKnownFileType = sourcecode.swift; path = NetworkManager.swift; sourceTree = "<group>"; };
		546071332B88D7490033B598 /* FlowerColorPickerModel.swift */ = {isa = PBXFileReference; lastKnownFileType = sourcecode.swift; path = FlowerColorPickerModel.swift; sourceTree = "<group>"; };
		548C4AE62B8E694A002F4FCB /* Constants.swift */ = {isa = PBXFileReference; lastKnownFileType = sourcecode.swift; path = Constants.swift; sourceTree = "<group>"; };
		548C4AE92B8E6B75002F4FCB /* HashTagCollectionViewCell.swift */ = {isa = PBXFileReference; lastKnownFileType = sourcecode.swift; path = HashTagCollectionViewCell.swift; sourceTree = "<group>"; };
		548C4AEC2B8E98F6002F4FCB /* FlowerSelectTableViewCell.swift */ = {isa = PBXFileReference; lastKnownFileType = sourcecode.swift; path = FlowerSelectTableViewCell.swift; sourceTree = "<group>"; };
		54D5BAFC2BE3F66A00C538E1 /* FlowerPriceViewModel.swift */ = {isa = PBXFileReference; lastKnownFileType = sourcecode.swift; path = FlowerPriceViewModel.swift; sourceTree = "<group>"; };
		54D5BAFE2BE4016600C538E1 /* FlowerPriceModel.swift */ = {isa = PBXFileReference; lastKnownFileType = sourcecode.swift; path = FlowerPriceModel.swift; sourceTree = "<group>"; };
		54D5BB002BE406F400C538E1 /* Int+.swift */ = {isa = PBXFileReference; lastKnownFileType = sourcecode.swift; path = "Int+.swift"; sourceTree = "<group>"; };
		54D6B7E32B9CAA7200628FF7 /* PackagingSelectionViewController.swift */ = {isa = PBXFileReference; lastKnownFileType = sourcecode.swift; path = PackagingSelectionViewController.swift; sourceTree = "<group>"; };
		54D6B7E52B9CAEA200628FF7 /* PackagingSelectionViewModel.swift */ = {isa = PBXFileReference; lastKnownFileType = sourcecode.swift; path = PackagingSelectionViewModel.swift; sourceTree = "<group>"; };
		54D8565D2BDAFC390099D818 /* SpacebarButton.swift */ = {isa = PBXFileReference; lastKnownFileType = sourcecode.swift; path = SpacebarButton.swift; sourceTree = "<group>"; };
		54D8565F2BDD40750099D818 /* AlternativesViewModel.swift */ = {isa = PBXFileReference; lastKnownFileType = sourcecode.swift; path = AlternativesViewModel.swift; sourceTree = "<group>"; };
		54DC8C1E2B95AFE80060CDC6 /* tempHashTagLabel.swift */ = {isa = PBXFileReference; lastKnownFileType = sourcecode.swift; path = tempHashTagLabel.swift; sourceTree = "<group>"; };
		54E9816A2B90A5CC000669DB /* FlowerSelectViewModel.swift */ = {isa = PBXFileReference; lastKnownFileType = sourcecode.swift; path = FlowerSelectViewModel.swift; sourceTree = "<group>"; };
		54E9816E2B90A6EB000669DB /* AlternativesViewController.swift */ = {isa = PBXFileReference; lastKnownFileType = sourcecode.swift; path = AlternativesViewController.swift; sourceTree = "<group>"; };
		54EA0E6A2BF5E398007B8F5A /* PostCustomBouquetDTO.swift */ = {isa = PBXFileReference; lastKnownFileType = sourcecode.swift; path = PostCustomBouquetDTO.swift; sourceTree = "<group>"; };
		54EA0E6D2BF5E732007B8F5A /* PostCustomBouquetRequestDTO.swift */ = {isa = PBXFileReference; lastKnownFileType = sourcecode.swift; path = PostCustomBouquetRequestDTO.swift; sourceTree = "<group>"; };
		54EA0E6F2BF6183B007B8F5A /* ShadowBorderLine.swift */ = {isa = PBXFileReference; lastKnownFileType = sourcecode.swift; path = ShadowBorderLine.swift; sourceTree = "<group>"; };
		54EA0E712BF779C6007B8F5A /* PostCustomBouquetAPI.swift */ = {isa = PBXFileReference; lastKnownFileType = sourcecode.swift; path = PostCustomBouquetAPI.swift; sourceTree = "<group>"; };
		54EB17C92B9D83C500717E6F /* FlowerPriceViewController.swift */ = {isa = PBXFileReference; lastKnownFileType = sourcecode.swift; path = FlowerPriceViewController.swift; sourceTree = "<group>"; };
		54EB17CB2B9D83E200717E6F /* RangeSlider.swift */ = {isa = PBXFileReference; lastKnownFileType = sourcecode.swift; path = RangeSlider.swift; sourceTree = "<group>"; };
		54EB17D02BA08C2100717E6F /* PhotoSelectionViewController.swift */ = {isa = PBXFileReference; lastKnownFileType = sourcecode.swift; name = PhotoSelectionViewController.swift; path = WHOA_iOS/UI/FlowerCustomizing/PhotoSelection/PhotoSelectionViewController.swift; sourceTree = SOURCE_ROOT; };
		54EB17D52BA1D24100717E6F /* AlbumService.swift */ = {isa = PBXFileReference; lastKnownFileType = sourcecode.swift; path = AlbumService.swift; sourceTree = "<group>"; };
		54EB17D72BA1D2A400717E6F /* MediaType.swift */ = {isa = PBXFileReference; lastKnownFileType = sourcecode.swift; path = MediaType.swift; sourceTree = "<group>"; };
		54EB17D92BA1D2C900717E6F /* AlbumInfo.swift */ = {isa = PBXFileReference; lastKnownFileType = sourcecode.swift; path = AlbumInfo.swift; sourceTree = "<group>"; };
		54EB17DB2BA1D48F00717E6F /* PhotoAuthService.swift */ = {isa = PBXFileReference; lastKnownFileType = sourcecode.swift; path = PhotoAuthService.swift; sourceTree = "<group>"; };
		54EB17DD2BA1D4B200717E6F /* PhotoService.swift */ = {isa = PBXFileReference; lastKnownFileType = sourcecode.swift; path = PhotoService.swift; sourceTree = "<group>"; };
		54EB17DF2BA2EA2600717E6F /* PhotoSelectionViewModel.swift */ = {isa = PBXFileReference; lastKnownFileType = sourcecode.swift; path = PhotoSelectionViewModel.swift; sourceTree = "<group>"; };
		54EB17E22BA2F07D00717E6F /* PhotoViewController.swift */ = {isa = PBXFileReference; lastKnownFileType = sourcecode.swift; path = PhotoViewController.swift; sourceTree = "<group>"; };
		54EB17E52BA354F400717E6F /* PhotoCell.swift */ = {isa = PBXFileReference; lastKnownFileType = sourcecode.swift; path = PhotoCell.swift; sourceTree = "<group>"; };
		54EB17E72BA4796700717E6F /* BasePaddingLabel.swift */ = {isa = PBXFileReference; lastKnownFileType = sourcecode.swift; path = BasePaddingLabel.swift; sourceTree = "<group>"; };
		54EB17E92BA9ED5700717E6F /* UIButton+.swift */ = {isa = PBXFileReference; lastKnownFileType = sourcecode.swift; path = "UIButton+.swift"; sourceTree = "<group>"; };
		54EB17EC2BAB103900717E6F /* CustomizingSummaryViewController.swift */ = {isa = PBXFileReference; lastKnownFileType = sourcecode.swift; path = CustomizingSummaryViewController.swift; sourceTree = "<group>"; };
		54EB17F72BADA9D300717E6F /* SaveAlertViewController.swift */ = {isa = PBXFileReference; lastKnownFileType = sourcecode.swift; path = SaveAlertViewController.swift; sourceTree = "<group>"; };
		54EB17FB2BB46F2200717E6F /* Color.xcassets */ = {isa = PBXFileReference; lastKnownFileType = folder.assetcatalog; path = Color.xcassets; sourceTree = "<group>"; };
		54EB17FD2BB4768400717E6F /* Palette.swift */ = {isa = PBXFileReference; lastKnownFileType = sourcecode.swift; path = Palette.swift; sourceTree = "<group>"; };
		54EB18002BB4773900717E6F /* UIColor+.swift */ = {isa = PBXFileReference; lastKnownFileType = sourcecode.swift; path = "UIColor+.swift"; sourceTree = "<group>"; };
		54EB18022BB5400F00717E6F /* UIFont+.swift */ = {isa = PBXFileReference; lastKnownFileType = sourcecode.swift; path = "UIFont+.swift"; sourceTree = "<group>"; };
		54EB18042BB56E5300717E6F /* ColorSelectionButton.swift */ = {isa = PBXFileReference; lastKnownFileType = sourcecode.swift; path = ColorSelectionButton.swift; sourceTree = "<group>"; };
		54EB18062BB5884500717E6F /* UIScrollView+.swift */ = {isa = PBXFileReference; lastKnownFileType = sourcecode.swift; path = "UIScrollView+.swift"; sourceTree = "<group>"; };
		54EB180A2BBD686300717E6F /* UIViewController+.swift */ = {isa = PBXFileReference; lastKnownFileType = sourcecode.swift; path = "UIViewController+.swift"; sourceTree = "<group>"; };
		54EB180D2BBF4C1200717E6F /* FlowerKeywordAPI.swift */ = {isa = PBXFileReference; lastKnownFileType = sourcecode.swift; path = FlowerKeywordAPI.swift; sourceTree = "<group>"; };
		54EB180F2BBF4C2C00717E6F /* FlowerKeywordDTO.swift */ = {isa = PBXFileReference; lastKnownFileType = sourcecode.swift; path = FlowerKeywordDTO.swift; sourceTree = "<group>"; };
		54EB18112BBF542C00717E6F /* FlowerSelectModel.swift */ = {isa = PBXFileReference; lastKnownFileType = sourcecode.swift; path = FlowerSelectModel.swift; sourceTree = "<group>"; };
		54EB18142BC018C900717E6F /* UIImageView+.swift */ = {isa = PBXFileReference; lastKnownFileType = sourcecode.swift; path = "UIImageView+.swift"; sourceTree = "<group>"; };
		54F695932BF15007009E3E4D /* MemberRegisterDTO.swift */ = {isa = PBXFileReference; lastKnownFileType = sourcecode.swift; path = MemberRegisterDTO.swift; sourceTree = "<group>"; };
		54F695952BF1505D009E3E4D /* MemberRegisterAPI.swift */ = {isa = PBXFileReference; lastKnownFileType = sourcecode.swift; path = MemberRegisterAPI.swift; sourceTree = "<group>"; };
		54F695972BF1B823009E3E4D /* MemberRegisterRequestDTO.swift */ = {isa = PBXFileReference; lastKnownFileType = sourcecode.swift; path = MemberRegisterRequestDTO.swift; sourceTree = "<group>"; };
		54F6959B2BF2A5C9009E3E4D /* KeychainManager.swift */ = {isa = PBXFileReference; lastKnownFileType = sourcecode.swift; path = KeychainManager.swift; sourceTree = "<group>"; };
		54F6959D2BF535D5009E3E4D /* RequestDetailType.swift */ = {isa = PBXFileReference; lastKnownFileType = sourcecode.swift; path = RequestDetailType.swift; sourceTree = "<group>"; };
		54FD0F2B2B6FCE2D00F964C3 /* WHOA_iOS.app */ = {isa = PBXFileReference; explicitFileType = wrapper.application; includeInIndex = 0; path = WHOA_iOS.app; sourceTree = BUILT_PRODUCTS_DIR; };
		54FD0F2E2B6FCE2D00F964C3 /* AppDelegate.swift */ = {isa = PBXFileReference; lastKnownFileType = sourcecode.swift; path = AppDelegate.swift; sourceTree = "<group>"; };
		54FD0F302B6FCE2D00F964C3 /* SceneDelegate.swift */ = {isa = PBXFileReference; lastKnownFileType = sourcecode.swift; path = SceneDelegate.swift; sourceTree = "<group>"; };
		54FD0F322B6FCE2D00F964C3 /* HomeViewController.swift */ = {isa = PBXFileReference; lastKnownFileType = sourcecode.swift; path = HomeViewController.swift; sourceTree = "<group>"; };
		54FD0F372B6FCE2E00F964C3 /* Assets.xcassets */ = {isa = PBXFileReference; lastKnownFileType = folder.assetcatalog; path = Assets.xcassets; sourceTree = "<group>"; };
		54FD0F3C2B6FCE2E00F964C3 /* Info.plist */ = {isa = PBXFileReference; lastKnownFileType = text.plist.xml; path = Info.plist; sourceTree = "<group>"; };
		54FD0F412B6FCE2E00F964C3 /* WHOA_iOSTests.xctest */ = {isa = PBXFileReference; explicitFileType = wrapper.cfbundle; includeInIndex = 0; path = WHOA_iOSTests.xctest; sourceTree = BUILT_PRODUCTS_DIR; };
		54FD0F452B6FCE2E00F964C3 /* WHOA_iOSTests.swift */ = {isa = PBXFileReference; lastKnownFileType = sourcecode.swift; path = WHOA_iOSTests.swift; sourceTree = "<group>"; };
		54FD0F4B2B6FCE2E00F964C3 /* WHOA_iOSUITests.xctest */ = {isa = PBXFileReference; explicitFileType = wrapper.cfbundle; includeInIndex = 0; path = WHOA_iOSUITests.xctest; sourceTree = BUILT_PRODUCTS_DIR; };
		54FD0F4F2B6FCE2E00F964C3 /* WHOA_iOSUITests.swift */ = {isa = PBXFileReference; lastKnownFileType = sourcecode.swift; path = WHOA_iOSUITests.swift; sourceTree = "<group>"; };
		54FD0F512B6FCE2E00F964C3 /* WHOA_iOSUITestsLaunchTests.swift */ = {isa = PBXFileReference; lastKnownFileType = sourcecode.swift; path = WHOA_iOSUITestsLaunchTests.swift; sourceTree = "<group>"; };
		54FD0F6B2B701B9C00F964C3 /* PurposeViewController.swift */ = {isa = PBXFileReference; lastKnownFileType = sourcecode.swift; path = PurposeViewController.swift; sourceTree = "<group>"; };
		54FD0F6E2B73422900F964C3 /* CustomProgressHStackView.swift */ = {isa = PBXFileReference; lastKnownFileType = sourcecode.swift; path = CustomProgressHStackView.swift; sourceTree = "<group>"; };
		54FD0F702B73BF4900F964C3 /* CustomTitleLabel.swift */ = {isa = PBXFileReference; lastKnownFileType = sourcecode.swift; path = CustomTitleLabel.swift; sourceTree = "<group>"; };
		54FD0F732B73C0BA00F964C3 /* CustomDescriptionLabel.swift */ = {isa = PBXFileReference; lastKnownFileType = sourcecode.swift; path = CustomDescriptionLabel.swift; sourceTree = "<group>"; };
		54FD0F772B73CF6200F964C3 /* ImageManager.swift */ = {isa = PBXFileReference; lastKnownFileType = sourcecode.swift; path = ImageManager.swift; sourceTree = "<group>"; };
		54FD0F7B2B73E13B00F964C3 /* PurposeButtonHStackView.swift */ = {isa = PBXFileReference; lastKnownFileType = sourcecode.swift; path = PurposeButtonHStackView.swift; sourceTree = "<group>"; };
		54FD0F7E2B742C4900F964C3 /* BackButton.swift */ = {isa = PBXFileReference; lastKnownFileType = sourcecode.swift; path = BackButton.swift; sourceTree = "<group>"; };
		54FD0F802B743C0000F964C3 /* NextButton.swift */ = {isa = PBXFileReference; lastKnownFileType = sourcecode.swift; path = NextButton.swift; sourceTree = "<group>"; };
		54FD0F842B74C13B00F964C3 /* PurposeType.swift */ = {isa = PBXFileReference; lastKnownFileType = sourcecode.swift; path = PurposeType.swift; sourceTree = "<group>"; };
/* End PBXFileReference section */

/* Begin PBXFrameworksBuildPhase section */
		54FD0F282B6FCE2D00F964C3 /* Frameworks */ = {
			isa = PBXFrameworksBuildPhase;
			buildActionMask = 2147483647;
			files = (
				54FD0F652B7000C000F964C3 /* SnapKit in Frameworks */,
				54FD0F682B7002D300F964C3 /* Alamofire in Frameworks */,
			);
			runOnlyForDeploymentPostprocessing = 0;
		};
		54FD0F3E2B6FCE2E00F964C3 /* Frameworks */ = {
			isa = PBXFrameworksBuildPhase;
			buildActionMask = 2147483647;
			files = (
			);
			runOnlyForDeploymentPostprocessing = 0;
		};
		54FD0F482B6FCE2E00F964C3 /* Frameworks */ = {
			isa = PBXFrameworksBuildPhase;
			buildActionMask = 2147483647;
			files = (
			);
			runOnlyForDeploymentPostprocessing = 0;
		};
/* End PBXFrameworksBuildPhase section */

/* Begin PBXGroup section */
		080E1E8E2B7B6DB200902192 /* FlowerSearch */ = {
			isa = PBXGroup;
			children = (
				08F7B29F2B823DD100DFD4F7 /* cell */,
				08D245FD2B7FBDA900CDF3B8 /* FlowerSearchViewController.swift */,
			);
			path = FlowerSearch;
			sourceTree = "<group>";
		};
		08350ABC2BBF227E00D30E6D /* cell */ = {
			isa = PBXGroup;
			children = (
				08A5401A2BB1355400710A7D /* ManagementCell.swift */,
				089D50832BB9A77300877CE3 /* ColorSheetCell.swift */,
				08350ABA2BBE859100D30E6D /* ColorSheetHeaderCell.swift */,
			);
			path = cell;
			sourceTree = "<group>";
		};
		08478E3A2BEBAFE6003970B9 /* TabBar */ = {
			isa = PBXGroup;
			children = (
				08D0CF2F2BF6F8BE005CBECA /* ToolTip */,
				08478E3B2BEBB005003970B9 /* TabBarViewController.swift */,
			);
			path = TabBar;
			sourceTree = "<group>";
		};
		0857382A2B721A2200AAFAC6 /* Fonts */ = {
			isa = PBXGroup;
			children = (
				085738302B721A5700AAFAC6 /* Pretendard-Black.otf */,
				0857382D2B721A5700AAFAC6 /* Pretendard-Bold.otf */,
				085738312B721A5800AAFAC6 /* Pretendard-ExtraBold.otf */,
				085738322B721A5800AAFAC6 /* Pretendard-ExtraLight.otf */,
				0857382C2B721A5700AAFAC6 /* Pretendard-Light.otf */,
				085738332B721A5800AAFAC6 /* Pretendard-Medium.otf */,
				0857382F2B721A5700AAFAC6 /* Pretendard-Regular.otf */,
				0857382B2B721A5700AAFAC6 /* Pretendard-SemiBold.otf */,
				0857382E2B721A5700AAFAC6 /* Pretendard-Thin.otf */,
			);
			path = Fonts;
			sourceTree = "<group>";
		};
		085738342B721C5A00AAFAC6 /* View */ = {
			isa = PBXGroup;
			children = (
				085DEE9A2BA355F700CC5AC2 /* cell */,
				085738402B726B3000AAFAC6 /* HashTagCustomLabel.swift */,
				08C498332B73439E00A2AB70 /* CheapFlowerView.swift */,
				085DEE982BA3404500CC5AC2 /* CustomButton.swift */,
			);
			path = View;
			sourceTree = "<group>";
		};
		085DEE9A2BA355F700CC5AC2 /* cell */ = {
			isa = PBXGroup;
			children = (
				08DF4B4E2B89F76A00305E3F /* CustomizeIntroCell.swift */,
				08899B752B7E07070087F258 /* TodaysFlowerViewCell.swift */,
				08877E242B74C0F10028BD26 /* CheapFlowerInfoCell.swift */,
			);
			path = cell;
			sourceTree = "<group>";
		};
		0886DA612B957BA6003779CE /* RequestDetail */ = {
			isa = PBXGroup;
			children = (
				0887F62A2B867D4D00727F14 /* CustomView */,
				08C0ADF02BA979B30099EFE5 /* View */,
				0886DA622B957BB9003779CE /* RequestDetailViewController.swift */,
				0886DA642B957C87003779CE /* RequestDetailViewModel.swift */,
				0886DA662B9580FE003779CE /* DetailCustomLabel.swift */,
				0886DA682B962E3B003779CE /* FlowerTypeView.swift */,
			);
			path = RequestDetail;
			sourceTree = "<group>";
		};
		08877E262B7623990028BD26 /* FlowerDetail */ = {
			isa = PBXGroup;
			children = (
				089062902B77A66B00C856CB /* ViewModel */,
				08877E292B7623F50028BD26 /* View */,
				08877E272B7623B60028BD26 /* FlowerDetailViewController.swift */,
			);
			path = FlowerDetail;
			sourceTree = "<group>";
		};
		08877E292B7623F50028BD26 /* View */ = {
			isa = PBXGroup;
			children = (
				08350ABC2BBF227E00D30E6D /* cell */,
				08877E2C2B7641110028BD26 /* ColorChipButton.swift */,
				08A540182BB133C500710A7D /* ManagementView.swift */,
				089D50792BB951AC00877CE3 /* ColorSheetViewController.swift */,
				089D507D2BB9833100877CE3 /* DecorateButton.swift */,
			);
			path = View;
			sourceTree = "<group>";
		};
		0887F6242B86777F00727F14 /* MyPage */ = {
			isa = PBXGroup;
			children = (
				0886DA612B957BA6003779CE /* RequestDetail */,
				0887F6272B867B9D00727F14 /* cell */,
				0887F6252B8677BF00727F14 /* MyPageViewController.swift */,
				0833EF7B2BE55AD40024FB2C /* MyPageViewModel.swift */,
				0833EF7D2BE55B9F0024FB2C /* MyPageModel.swift */,
			);
			path = MyPage;
			sourceTree = "<group>";
		};
		0887F6272B867B9D00727F14 /* cell */ = {
			isa = PBXGroup;
			children = (
				0887F6282B867BAE00727F14 /* SavedRequestCell.swift */,
			);
			path = cell;
			sourceTree = "<group>";
		};
		0887F62A2B867D4D00727F14 /* CustomView */ = {
			isa = PBXGroup;
			children = (
				0887F62B2B867D5800727F14 /* RequestCustomButton.swift */,
				08572A192B8CF950002F045F /* CustomAlertViewController.swift */,
				08DDC0852BA2C6F600C343CA /* RequestDetailStackView.swift */,
				08DDC0872BA2CAD900C343CA /* BorderLine.swift */,
			);
			path = CustomView;
			sourceTree = "<group>";
		};
		089062902B77A66B00C856CB /* ViewModel */ = {
			isa = PBXGroup;
			children = (
			);
			path = ViewModel;
			sourceTree = "<group>";
		};
		08C0ADF02BA979B30099EFE5 /* View */ = {
			isa = PBXGroup;
			children = (
				08C0ADF12BA979BC0099EFE5 /* RequestDetailView.swift */,
			);
			path = View;
			sourceTree = "<group>";
		};
		08C0ADF72BA9B9250099EFE5 /* Extension */ = {
			isa = PBXGroup;
			children = (
				08C0ADF52BA9B91D0099EFE5 /* UIView+Extension.swift */,
			);
			path = Extension;
			sourceTree = "<group>";
		};
		08D0CF2F2BF6F8BE005CBECA /* ToolTip */ = {
			isa = PBXGroup;
			children = (
				08D0CF322BF70D5B005CBECA /* ToolTipView.swift */,
			);
			path = ToolTip;
			sourceTree = "<group>";
		};
		08F7B29F2B823DD100DFD4F7 /* cell */ = {
			isa = PBXGroup;
			children = (
				08F7B2A02B823DDF00DFD4F7 /* FlowerSearchResultCell.swift */,
				0887F6222B866ACC00727F14 /* NoSearchResultCell.swift */,
			);
			path = cell;
			sourceTree = "<group>";
		};
		542DD3E82B78F4D000DBFCCC /* FlowerColorPicker */ = {
			isa = PBXGroup;
			children = (
				5460710B2B8234520033B598 /* Views */,
				542DD3EA2B78F65D00DBFCCC /* FlowerColorPickerViewController.swift */,
				542DD3ED2B79047C00DBFCCC /* FlowerColorPickerViewModel.swift */,
				546071332B88D7490033B598 /* FlowerColorPickerModel.swift */,
			);
			path = FlowerColorPicker;
			sourceTree = "<group>";
		};
		5460710B2B8234520033B598 /* Views */ = {
			isa = PBXGroup;
			children = (
				5460710D2B8235E10033B598 /* ColorPickerView.swift */,
				54EB18042BB56E5300717E6F /* ColorSelectionButton.swift */,
			);
			path = Views;
			sourceTree = "<group>";
		};
		546071152B87EAE30033B598 /* FlowerSelect */ = {
			isa = PBXGroup;
			children = (
				548C4AE82B8E6B34002F4FCB /* Views */,
				546071162B87EBB50033B598 /* FlowerSelectViewController.swift */,
				54E9816A2B90A5CC000669DB /* FlowerSelectViewModel.swift */,
				54EB18112BBF542C00717E6F /* FlowerSelectModel.swift */,
			);
			path = FlowerSelect;
			sourceTree = "<group>";
		};
		546071212B88C1860033B598 /* Networking */ = {
			isa = PBXGroup;
			children = (
				5460712B2B88C5550033B598 /* APIs */,
				5460712E2B88C57C0033B598 /* DTOs */,
				546071222B88C1AF0033B598 /* Network */,
				546071312B88C6A30033B598 /* NetworkManager.swift */,
			);
			path = Networking;
			sourceTree = "<group>";
		};
		546071222B88C1AF0033B598 /* Network */ = {
			isa = PBXGroup;
			children = (
				546071232B88C22F0033B598 /* HTTPMethods.swift */,
				546071252B88C2740033B598 /* NetworkError.swift */,
				546071292B88C4D30033B598 /* NetworkService.swift */,
				546071272B88C2C30033B598 /* ServableAPI.swift */,
			);
			path = Network;
			sourceTree = "<group>";
		};
		5460712B2B88C5550033B598 /* APIs */ = {
			isa = PBXGroup;
			children = (
				0833EF792BE534C40024FB2C /* BouquetAllAPI.swift */,
				54EB180D2BBF4C1200717E6F /* FlowerKeywordAPI.swift */,
				54F695952BF1505D009E3E4D /* MemberRegisterAPI.swift */,
				54EA0E712BF779C6007B8F5A /* PostCustomBouquetAPI.swift */,
				544FC0B42C03A70D0091EEE2 /* BouquetDetailAPI.swift */,
				544FC0B82C03C44B0091EEE2 /* DeleteBouquetAPI.swift */,
			);
			path = APIs;
			sourceTree = "<group>";
		};
		5460712E2B88C57C0033B598 /* DTOs */ = {
			isa = PBXGroup;
			children = (
				54F695992BF1C60C009E3E4D /* MemberRegister */,
				54EA0E6C2BF5E439007B8F5A /* BouquetCustomizing */,
				0833EF772BE52E600024FB2C /* BouquetAllDTO.swift */,
				54EB180F2BBF4C2C00717E6F /* FlowerKeywordDTO.swift */,
			);
			path = DTOs;
			sourceTree = "<group>";
		};
		548C4AE52B8E691D002F4FCB /* Helper */ = {
			isa = PBXGroup;
			children = (
				54EB17D32BA1D20B00717E6F /* Photo */,
				548C4AE62B8E694A002F4FCB /* Constants.swift */,
				54EB17FD2BB4768400717E6F /* Palette.swift */,
				54F6959B2BF2A5C9009E3E4D /* KeychainManager.swift */,
			);
			path = Helper;
			sourceTree = "<group>";
		};
		548C4AE82B8E6B34002F4FCB /* Views */ = {
			isa = PBXGroup;
			children = (
				548C4AE92B8E6B75002F4FCB /* HashTagCollectionViewCell.swift */,
				548C4AEC2B8E98F6002F4FCB /* FlowerSelectTableViewCell.swift */,
				54DC8C1E2B95AFE80060CDC6 /* tempHashTagLabel.swift */,
			);
			path = Views;
			sourceTree = "<group>";
		};
		54D6B7E22B9CA9D900628FF7 /* PackagingSelection */ = {
			isa = PBXGroup;
			children = (
				54D6B7E32B9CAA7200628FF7 /* PackagingSelectionViewController.swift */,
				54D6B7E52B9CAEA200628FF7 /* PackagingSelectionViewModel.swift */,
				5411BA3B2BE27795002A85F0 /* PackagingSelectionModel.swift */,
			);
			path = PackagingSelection;
			sourceTree = "<group>";
		};
		54E9816C2B90A656000669DB /* Alternatives */ = {
			isa = PBXGroup;
			children = (
				54E9816E2B90A6EB000669DB /* AlternativesViewController.swift */,
				54D8565F2BDD40750099D818 /* AlternativesViewModel.swift */,
				5411BA352BDF8529002A85F0 /* AlternativesModel.swift */,
			);
			path = Alternatives;
			sourceTree = "<group>";
		};
		54EA0E6C2BF5E439007B8F5A /* BouquetCustomizing */ = {
			isa = PBXGroup;
			children = (
				54EA0E6A2BF5E398007B8F5A /* PostCustomBouquetDTO.swift */,
				54EA0E6D2BF5E732007B8F5A /* PostCustomBouquetRequestDTO.swift */,
				544FC0B22C03A5C70091EEE2 /* BouquetDetailDTO.swift */,
				544FC0B62C03C40C0091EEE2 /* DeleteBouquetDTO.swift */,
			);
			path = BouquetCustomizing;
			sourceTree = "<group>";
		};
		54EB17C72B9D836400717E6F /* FlowerPrice */ = {
			isa = PBXGroup;
			children = (
				54EB17C82B9D83B900717E6F /* Views */,
				54EB17C92B9D83C500717E6F /* FlowerPriceViewController.swift */,
				54D5BAFC2BE3F66A00C538E1 /* FlowerPriceViewModel.swift */,
				54D5BAFE2BE4016600C538E1 /* FlowerPriceModel.swift */,
			);
			path = FlowerPrice;
			sourceTree = "<group>";
		};
		54EB17C82B9D83B900717E6F /* Views */ = {
			isa = PBXGroup;
			children = (
				54EB17CB2B9D83E200717E6F /* RangeSlider.swift */,
			);
			path = Views;
			sourceTree = "<group>";
		};
		54EB17CD2B9F1C5300717E6F /* PhotoSelection */ = {
			isa = PBXGroup;
			children = (
				54EB17E12BA2F06900717E6F /* Views */,
				54EB17D02BA08C2100717E6F /* PhotoSelectionViewController.swift */,
				54EB17DF2BA2EA2600717E6F /* PhotoSelectionViewModel.swift */,
			);
			path = PhotoSelection;
			sourceTree = "<group>";
		};
		54EB17D32BA1D20B00717E6F /* Photo */ = {
			isa = PBXGroup;
			children = (
				54EB17D92BA1D2C900717E6F /* AlbumInfo.swift */,
				54EB17D72BA1D2A400717E6F /* MediaType.swift */,
				54EB17DB2BA1D48F00717E6F /* PhotoAuthService.swift */,
				54EB17D52BA1D24100717E6F /* AlbumService.swift */,
				54EB17DD2BA1D4B200717E6F /* PhotoService.swift */,
			);
			path = Photo;
			sourceTree = "<group>";
		};
		54EB17E12BA2F06900717E6F /* Views */ = {
			isa = PBXGroup;
			children = (
				54EB17E22BA2F07D00717E6F /* PhotoViewController.swift */,
				54EB17E52BA354F400717E6F /* PhotoCell.swift */,
			);
			path = Views;
			sourceTree = "<group>";
		};
		54EB17EB2BAB0EB100717E6F /* CustomizingSummary */ = {
			isa = PBXGroup;
			children = (
				54EB17EE2BAB2ED400717E6F /* Views */,
				54EB17EC2BAB103900717E6F /* CustomizingSummaryViewController.swift */,
				5413AA702BD5516E006AA160 /* CustomizingSummaryModel.swift */,
				5413AA752BDA6F09006AA160 /* CustomizingSummaryViewModel.swift */,
			);
			path = CustomizingSummary;
			sourceTree = "<group>";
		};
		54EB17EE2BAB2ED400717E6F /* Views */ = {
			isa = PBXGroup;
			children = (
				54EB17F72BADA9D300717E6F /* SaveAlertViewController.swift */,
			);
			path = Views;
			sourceTree = "<group>";
		};
		54EB17FA2BB46E9900717E6F /* Color */ = {
			isa = PBXGroup;
			children = (
				54EB17FB2BB46F2200717E6F /* Color.xcassets */,
			);
			path = Color;
			sourceTree = "<group>";
		};
		54EB17FF2BB4771E00717E6F /* Extensions */ = {
			isa = PBXGroup;
			children = (
				54EB17E92BA9ED5700717E6F /* UIButton+.swift */,
				54EB18002BB4773900717E6F /* UIColor+.swift */,
				54EB18022BB5400F00717E6F /* UIFont+.swift */,
				54EB18062BB5884500717E6F /* UIScrollView+.swift */,
				54EB180A2BBD686300717E6F /* UIViewController+.swift */,
				54EB18142BC018C900717E6F /* UIImageView+.swift */,
				5411BA392BE11DD8002A85F0 /* UITextView+.swift */,
				54D5BB002BE406F400C538E1 /* Int+.swift */,
				08C635ED2C01EB220088DE39 /* UITabBar+.swift */,
				08C635EF2C01EB470088DE39 /* CALayer+.swift */,
			);
			path = Extensions;
			sourceTree = "<group>";
		};
		54F695992BF1C60C009E3E4D /* MemberRegister */ = {
			isa = PBXGroup;
			children = (
				54F695932BF15007009E3E4D /* MemberRegisterDTO.swift */,
				54F695972BF1B823009E3E4D /* MemberRegisterRequestDTO.swift */,
			);
			path = MemberRegister;
			sourceTree = "<group>";
		};
		54FD0F222B6FCE2D00F964C3 = {
			isa = PBXGroup;
			children = (
				54FD0F2D2B6FCE2D00F964C3 /* WHOA_iOS */,
				54FD0F442B6FCE2E00F964C3 /* WHOA_iOSTests */,
				54FD0F4E2B6FCE2E00F964C3 /* WHOA_iOSUITests */,
				54FD0F2C2B6FCE2D00F964C3 /* Products */,
			);
			sourceTree = "<group>";
		};
		54FD0F2C2B6FCE2D00F964C3 /* Products */ = {
			isa = PBXGroup;
			children = (
				54FD0F2B2B6FCE2D00F964C3 /* WHOA_iOS.app */,
				54FD0F412B6FCE2E00F964C3 /* WHOA_iOSTests.xctest */,
				54FD0F4B2B6FCE2E00F964C3 /* WHOA_iOSUITests.xctest */,
			);
			name = Products;
			sourceTree = "<group>";
		};
		54FD0F2D2B6FCE2D00F964C3 /* WHOA_iOS */ = {
			isa = PBXGroup;
			children = (
				54FD0F5E2B6FD48900F964C3 /* App */,
				546071212B88C1860033B598 /* Networking */,
				54FD0F612B6FD60700F964C3 /* UI */,
				54FD0F822B74C0DB00F964C3 /* Global */,
				54FD0F602B6FD52E00F964C3 /* Resources */,
				54FD0F5F2B6FD4EB00F964C3 /* SupportingFiles */,
			);
			path = WHOA_iOS;
			sourceTree = "<group>";
		};
		54FD0F442B6FCE2E00F964C3 /* WHOA_iOSTests */ = {
			isa = PBXGroup;
			children = (
				54FD0F452B6FCE2E00F964C3 /* WHOA_iOSTests.swift */,
			);
			path = WHOA_iOSTests;
			sourceTree = "<group>";
		};
		54FD0F4E2B6FCE2E00F964C3 /* WHOA_iOSUITests */ = {
			isa = PBXGroup;
			children = (
				54FD0F4F2B6FCE2E00F964C3 /* WHOA_iOSUITests.swift */,
				54FD0F512B6FCE2E00F964C3 /* WHOA_iOSUITestsLaunchTests.swift */,
			);
			path = WHOA_iOSUITests;
			sourceTree = "<group>";
		};
		54FD0F5E2B6FD48900F964C3 /* App */ = {
			isa = PBXGroup;
			children = (
				54FD0F2E2B6FCE2D00F964C3 /* AppDelegate.swift */,
				54FD0F302B6FCE2D00F964C3 /* SceneDelegate.swift */,
			);
			path = App;
			sourceTree = "<group>";
		};
		54FD0F5F2B6FD4EB00F964C3 /* SupportingFiles */ = {
			isa = PBXGroup;
			children = (
				54FD0F3C2B6FCE2E00F964C3 /* Info.plist */,
			);
			path = SupportingFiles;
			sourceTree = "<group>";
		};
		54FD0F602B6FD52E00F964C3 /* Resources */ = {
			isa = PBXGroup;
			children = (
				54EB17FA2BB46E9900717E6F /* Color */,
				0857382A2B721A2200AAFAC6 /* Fonts */,
				54FD0F372B6FCE2E00F964C3 /* Assets.xcassets */,
			);
			path = Resources;
			sourceTree = "<group>";
		};
		54FD0F612B6FD60700F964C3 /* UI */ = {
			isa = PBXGroup;
			children = (
				08478E3A2BEBAFE6003970B9 /* TabBar */,
				0887F6242B86777F00727F14 /* MyPage */,
				54FD0F762B73CF2B00F964C3 /* Common */,
				54FD0F622B6FFC1C00F964C3 /* Home */,
				54FD0F692B70198500F964C3 /* FlowerCustomizing */,
			);
			path = UI;
			sourceTree = "<group>";
		};
		54FD0F622B6FFC1C00F964C3 /* Home */ = {
			isa = PBXGroup;
			children = (
				080E1E8E2B7B6DB200902192 /* FlowerSearch */,
				08877E262B7623990028BD26 /* FlowerDetail */,
				085738342B721C5A00AAFAC6 /* View */,
				54FD0F322B6FCE2D00F964C3 /* HomeViewController.swift */,
				08A5401C2BB136D400710A7D /* ManageImage.png */,
				0864AE902BE1F82D00F89488 /* FlowerImage.png */,
			);
			path = Home;
			sourceTree = "<group>";
		};
		54FD0F692B70198500F964C3 /* FlowerCustomizing */ = {
			isa = PBXGroup;
			children = (
				54FD0F6D2B73416700F964C3 /* CommonViews */,
				54FD0F6A2B701B2000F964C3 /* Purpose */,
				542DD3E82B78F4D000DBFCCC /* FlowerColorPicker */,
				546071152B87EAE30033B598 /* FlowerSelect */,
				54E9816C2B90A656000669DB /* Alternatives */,
				54D6B7E22B9CA9D900628FF7 /* PackagingSelection */,
				54EB17C72B9D836400717E6F /* FlowerPrice */,
				54EB17CD2B9F1C5300717E6F /* PhotoSelection */,
				54EB17EB2BAB0EB100717E6F /* CustomizingSummary */,
			);
			path = FlowerCustomizing;
			sourceTree = "<group>";
		};
		54FD0F6A2B701B2000F964C3 /* Purpose */ = {
			isa = PBXGroup;
			children = (
				54FD0F7D2B73E15800F964C3 /* Views */,
				54FD0F6B2B701B9C00F964C3 /* PurposeViewController.swift */,
				542DD3E62B7813A300DBFCCC /* PurposeViewModel.swift */,
				542DD3EF2B794B1000DBFCCC /* PurposeModel.swift */,
			);
			path = Purpose;
			sourceTree = "<group>";
		};
		54FD0F6D2B73416700F964C3 /* CommonViews */ = {
			isa = PBXGroup;
			children = (
				542DD3DF2B7669A700DBFCCC /* ExitButton.swift */,
				542DD3E42B77BC8200DBFCCC /* CustomExitAlertViewController.swift */,
				54FD0F6E2B73422900F964C3 /* CustomProgressHStackView.swift */,
				54FD0F702B73BF4900F964C3 /* CustomTitleLabel.swift */,
				54FD0F732B73C0BA00F964C3 /* CustomDescriptionLabel.swift */,
				54FD0F7E2B742C4900F964C3 /* BackButton.swift */,
				54FD0F802B743C0000F964C3 /* NextButton.swift */,
				54EB17E72BA4796700717E6F /* BasePaddingLabel.swift */,
				54D8565D2BDAFC390099D818 /* SpacebarButton.swift */,
				54EA0E6F2BF6183B007B8F5A /* ShadowBorderLine.swift */,
			);
			path = CommonViews;
			sourceTree = "<group>";
		};
		54FD0F762B73CF2B00F964C3 /* Common */ = {
			isa = PBXGroup;
			children = (
				08C0ADF72BA9B9250099EFE5 /* Extension */,
				54FD0F772B73CF6200F964C3 /* ImageManager.swift */,
				08C0ADF32BA9B8330099EFE5 /* ImageSaver.swift */,
			);
			path = Common;
			sourceTree = "<group>";
		};
		54FD0F7D2B73E15800F964C3 /* Views */ = {
			isa = PBXGroup;
			children = (
				54FD0F7B2B73E13B00F964C3 /* PurposeButtonHStackView.swift */,
				5413AA722BD5C12A006AA160 /* PurposeView.swift */,
			);
			path = Views;
			sourceTree = "<group>";
		};
		54FD0F822B74C0DB00F964C3 /* Global */ = {
			isa = PBXGroup;
			children = (
				54EB17FF2BB4771E00717E6F /* Extensions */,
				548C4AE52B8E691D002F4FCB /* Helper */,
				54FD0F832B74C11700F964C3 /* Types */,
			);
			path = Global;
			sourceTree = "<group>";
		};
		54FD0F832B74C11700F964C3 /* Types */ = {
			isa = PBXGroup;
			children = (
				54FD0F842B74C13B00F964C3 /* PurposeType.swift */,
				546071122B863BB70033B598 /* NumberOfColorsType.swift */,
				5413AA7A2BDABBE4006AA160 /* AlternativesType.swift */,
				5411BA372BE0DEA5002A85F0 /* PackagingAssignType.swift */,
				54F6959D2BF535D5009E3E4D /* RequestDetailType.swift */,
			);
			path = Types;
			sourceTree = "<group>";
		};
/* End PBXGroup section */

/* Begin PBXNativeTarget section */
		54FD0F2A2B6FCE2D00F964C3 /* WHOA_iOS */ = {
			isa = PBXNativeTarget;
			buildConfigurationList = 54FD0F552B6FCE2E00F964C3 /* Build configuration list for PBXNativeTarget "WHOA_iOS" */;
			buildPhases = (
				54FD0F272B6FCE2D00F964C3 /* Sources */,
				54FD0F282B6FCE2D00F964C3 /* Frameworks */,
				54FD0F292B6FCE2D00F964C3 /* Resources */,
			);
			buildRules = (
			);
			dependencies = (
			);
			name = WHOA_iOS;
			packageProductDependencies = (
				54FD0F642B7000C000F964C3 /* SnapKit */,
				54FD0F672B7002D300F964C3 /* Alamofire */,
			);
			productName = WHOA_iOS;
			productReference = 54FD0F2B2B6FCE2D00F964C3 /* WHOA_iOS.app */;
			productType = "com.apple.product-type.application";
		};
		54FD0F402B6FCE2E00F964C3 /* WHOA_iOSTests */ = {
			isa = PBXNativeTarget;
			buildConfigurationList = 54FD0F582B6FCE2E00F964C3 /* Build configuration list for PBXNativeTarget "WHOA_iOSTests" */;
			buildPhases = (
				54FD0F3D2B6FCE2E00F964C3 /* Sources */,
				54FD0F3E2B6FCE2E00F964C3 /* Frameworks */,
				54FD0F3F2B6FCE2E00F964C3 /* Resources */,
			);
			buildRules = (
			);
			dependencies = (
				54FD0F432B6FCE2E00F964C3 /* PBXTargetDependency */,
			);
			name = WHOA_iOSTests;
			productName = WHOA_iOSTests;
			productReference = 54FD0F412B6FCE2E00F964C3 /* WHOA_iOSTests.xctest */;
			productType = "com.apple.product-type.bundle.unit-test";
		};
		54FD0F4A2B6FCE2E00F964C3 /* WHOA_iOSUITests */ = {
			isa = PBXNativeTarget;
			buildConfigurationList = 54FD0F5B2B6FCE2E00F964C3 /* Build configuration list for PBXNativeTarget "WHOA_iOSUITests" */;
			buildPhases = (
				54FD0F472B6FCE2E00F964C3 /* Sources */,
				54FD0F482B6FCE2E00F964C3 /* Frameworks */,
				54FD0F492B6FCE2E00F964C3 /* Resources */,
			);
			buildRules = (
			);
			dependencies = (
				54FD0F4D2B6FCE2E00F964C3 /* PBXTargetDependency */,
			);
			name = WHOA_iOSUITests;
			productName = WHOA_iOSUITests;
			productReference = 54FD0F4B2B6FCE2E00F964C3 /* WHOA_iOSUITests.xctest */;
			productType = "com.apple.product-type.bundle.ui-testing";
		};
/* End PBXNativeTarget section */

/* Begin PBXProject section */
		54FD0F232B6FCE2D00F964C3 /* Project object */ = {
			isa = PBXProject;
			attributes = {
				BuildIndependentTargetsInParallel = 1;
				LastSwiftUpdateCheck = 1520;
				LastUpgradeCheck = 1520;
				TargetAttributes = {
					54FD0F2A2B6FCE2D00F964C3 = {
						CreatedOnToolsVersion = 15.2;
					};
					54FD0F402B6FCE2E00F964C3 = {
						CreatedOnToolsVersion = 15.2;
						TestTargetID = 54FD0F2A2B6FCE2D00F964C3;
					};
					54FD0F4A2B6FCE2E00F964C3 = {
						CreatedOnToolsVersion = 15.2;
						TestTargetID = 54FD0F2A2B6FCE2D00F964C3;
					};
				};
			};
			buildConfigurationList = 54FD0F262B6FCE2D00F964C3 /* Build configuration list for PBXProject "WHOA_iOS" */;
			compatibilityVersion = "Xcode 14.0";
			developmentRegion = en;
			hasScannedForEncodings = 0;
			knownRegions = (
				en,
				Base,
			);
			mainGroup = 54FD0F222B6FCE2D00F964C3;
			packageReferences = (
				54FD0F632B7000C000F964C3 /* XCRemoteSwiftPackageReference "SnapKit" */,
				54FD0F662B7002D300F964C3 /* XCRemoteSwiftPackageReference "Alamofire" */,
			);
			productRefGroup = 54FD0F2C2B6FCE2D00F964C3 /* Products */;
			projectDirPath = "";
			projectRoot = "";
			targets = (
				54FD0F2A2B6FCE2D00F964C3 /* WHOA_iOS */,
				54FD0F402B6FCE2E00F964C3 /* WHOA_iOSTests */,
				54FD0F4A2B6FCE2E00F964C3 /* WHOA_iOSUITests */,
			);
		};
/* End PBXProject section */

/* Begin PBXResourcesBuildPhase section */
		54FD0F292B6FCE2D00F964C3 /* Resources */ = {
			isa = PBXResourcesBuildPhase;
			buildActionMask = 2147483647;
			files = (
				0857383C2B72348C00AAFAC6 /* Pretendard-Medium.otf in Resources */,
				08A5401D2BB136D400710A7D /* ManageImage.png in Resources */,
				0857383F2B72349300AAFAC6 /* Pretendard-Thin.otf in Resources */,
				085738372B72344C00AAFAC6 /* Pretendard-Black.otf in Resources */,
				085738382B72346000AAFAC6 /* Pretendard-Bold.otf in Resources */,
				0857383A2B72348600AAFAC6 /* Pretendard-ExtraLight.otf in Resources */,
				54EB17FC2BB46F2200717E6F /* Color.xcassets in Resources */,
				085738392B72348400AAFAC6 /* Pretendard-ExtraBold.otf in Resources */,
				0857383D2B72348E00AAFAC6 /* Pretendard-Regular.otf in Resources */,
				0857383E2B72349100AAFAC6 /* Pretendard-SemiBold.otf in Resources */,
				54FD0F382B6FCE2E00F964C3 /* Assets.xcassets in Resources */,
				0857383B2B72348900AAFAC6 /* Pretendard-Light.otf in Resources */,
				0864AE912BE1F82D00F89488 /* FlowerImage.png in Resources */,
			);
			runOnlyForDeploymentPostprocessing = 0;
		};
		54FD0F3F2B6FCE2E00F964C3 /* Resources */ = {
			isa = PBXResourcesBuildPhase;
			buildActionMask = 2147483647;
			files = (
			);
			runOnlyForDeploymentPostprocessing = 0;
		};
		54FD0F492B6FCE2E00F964C3 /* Resources */ = {
			isa = PBXResourcesBuildPhase;
			buildActionMask = 2147483647;
			files = (
			);
			runOnlyForDeploymentPostprocessing = 0;
		};
/* End PBXResourcesBuildPhase section */

/* Begin PBXSourcesBuildPhase section */
		54FD0F272B6FCE2D00F964C3 /* Sources */ = {
			isa = PBXSourcesBuildPhase;
			buildActionMask = 2147483647;
			files = (
				089D507E2BB9833100877CE3 /* DecorateButton.swift in Sources */,
				08899B762B7E07070087F258 /* TodaysFlowerViewCell.swift in Sources */,
				544FC0B92C03C44B0091EEE2 /* DeleteBouquetAPI.swift in Sources */,
				08877E282B7623B60028BD26 /* FlowerDetailViewController.swift in Sources */,
				089D50842BB9A77300877CE3 /* ColorSheetCell.swift in Sources */,
				089D507A2BB951AC00877CE3 /* ColorSheetViewController.swift in Sources */,
				08D245FE2B7FBDA900CDF3B8 /* FlowerSearchViewController.swift in Sources */,
				54F695962BF1505D009E3E4D /* MemberRegisterAPI.swift in Sources */,
				54F695942BF15007009E3E4D /* MemberRegisterDTO.swift in Sources */,
				54FD0F332B6FCE2D00F964C3 /* HomeViewController.swift in Sources */,
				085DEE992BA3404500CC5AC2 /* CustomButton.swift in Sources */,
				08F7B2A12B823DDF00DFD4F7 /* FlowerSearchResultCell.swift in Sources */,
				54FD0F2F2B6FCE2D00F964C3 /* AppDelegate.swift in Sources */,
				08478E3C2BEBB005003970B9 /* TabBarViewController.swift in Sources */,
				08350ABB2BBE859100D30E6D /* ColorSheetHeaderCell.swift in Sources */,
				08877E252B74C0F10028BD26 /* CheapFlowerInfoCell.swift in Sources */,
				54FD0F312B6FCE2D00F964C3 /* SceneDelegate.swift in Sources */,
				544FC0B72C03C40C0091EEE2 /* DeleteBouquetDTO.swift in Sources */,
				08DF4B4F2B89F76A00305E3F /* CustomizeIntroCell.swift in Sources */,
				08877E2D2B7641110028BD26 /* ColorChipButton.swift in Sources */,
				08A540192BB133C500710A7D /* ManagementView.swift in Sources */,
				08A5401B2BB1355400710A7D /* ManagementCell.swift in Sources */,
				0887F6232B866ACC00727F14 /* NoSearchResultCell.swift in Sources */,
				08C498342B73439E00A2AB70 /* CheapFlowerView.swift in Sources */,
				085738412B726B3000AAFAC6 /* HashTagCustomLabel.swift in Sources */,
				0887F6262B8677BF00727F14 /* MyPageViewController.swift in Sources */,
				54FD0F712B73BF4900F964C3 /* CustomTitleLabel.swift in Sources */,
				54FD0F742B73C0BA00F964C3 /* CustomDescriptionLabel.swift in Sources */,
				546071132B863BB70033B598 /* NumberOfColorsType.swift in Sources */,
				546071282B88C2C30033B598 /* ServableAPI.swift in Sources */,
				54EB17CA2B9D83C500717E6F /* FlowerPriceViewController.swift in Sources */,
				54EB18102BBF4C2C00717E6F /* FlowerKeywordDTO.swift in Sources */,
				54D8565E2BDAFC390099D818 /* SpacebarButton.swift in Sources */,
				54EB17F82BADA9D300717E6F /* SaveAlertViewController.swift in Sources */,
				54EB17D82BA1D2A400717E6F /* MediaType.swift in Sources */,
				546071262B88C2740033B598 /* NetworkError.swift in Sources */,
				0887F62C2B867D5800727F14 /* RequestCustomButton.swift in Sources */,
				54FD0F6C2B701B9C00F964C3 /* PurposeViewController.swift in Sources */,
				5460712A2B88C4D30033B598 /* NetworkService.swift in Sources */,
				54FD0F7C2B73E13B00F964C3 /* PurposeButtonHStackView.swift in Sources */,
				54F695982BF1B823009E3E4D /* MemberRegisterRequestDTO.swift in Sources */,
				548C4AE72B8E694A002F4FCB /* Constants.swift in Sources */,
				0833EF7E2BE55B9F0024FB2C /* MyPageModel.swift in Sources */,
				54EB18012BB4773900717E6F /* UIColor+.swift in Sources */,
				54EB18152BC018C900717E6F /* UIImageView+.swift in Sources */,
				54F6959E2BF535D5009E3E4D /* RequestDetailType.swift in Sources */,
				54FD0F7F2B742C4900F964C3 /* BackButton.swift in Sources */,
				54EA0E6B2BF5E398007B8F5A /* PostCustomBouquetDTO.swift in Sources */,
				08C0ADF42BA9B8330099EFE5 /* ImageSaver.swift in Sources */,
				54EA0E722BF779C6007B8F5A /* PostCustomBouquetAPI.swift in Sources */,
				544FC0B52C03A70D0091EEE2 /* BouquetDetailAPI.swift in Sources */,
				542DD3EE2B79047C00DBFCCC /* FlowerColorPickerViewModel.swift in Sources */,
				0833EF782BE52E600024FB2C /* BouquetAllDTO.swift in Sources */,
				548C4AEA2B8E6B75002F4FCB /* HashTagCollectionViewCell.swift in Sources */,
				54DC8C1F2B95AFE80060CDC6 /* tempHashTagLabel.swift in Sources */,
				54F6959C2BF2A5C9009E3E4D /* KeychainManager.swift in Sources */,
				54FD0F782B73CF6200F964C3 /* ImageManager.swift in Sources */,
				0886DA672B9580FE003779CE /* DetailCustomLabel.swift in Sources */,
				0886DA632B957BB9003779CE /* RequestDetailViewController.swift in Sources */,
				08C635F02C01EB470088DE39 /* CALayer+.swift in Sources */,
				08DDC0862BA2C6F600C343CA /* RequestDetailStackView.swift in Sources */,
				5411BA3A2BE11DD8002A85F0 /* UITextView+.swift in Sources */,
				542DD3E02B7669A700DBFCCC /* ExitButton.swift in Sources */,
				54EB17D62BA1D24100717E6F /* AlbumService.swift in Sources */,
				54EB17E02BA2EA2600717E6F /* PhotoSelectionViewModel.swift in Sources */,
				54D5BB012BE406F400C538E1 /* Int+.swift in Sources */,
				5413AA7B2BDABBE4006AA160 /* AlternativesType.swift in Sources */,
				546071342B88D7490033B598 /* FlowerColorPickerModel.swift in Sources */,
				08572A1A2B8CF950002F045F /* CustomAlertViewController.swift in Sources */,
				54E9816F2B90A6EB000669DB /* AlternativesViewController.swift in Sources */,
				5413AA712BD5516E006AA160 /* CustomizingSummaryModel.swift in Sources */,
				54EB17DE2BA1D4B200717E6F /* PhotoService.swift in Sources */,
				54D856602BDD40750099D818 /* AlternativesViewModel.swift in Sources */,
				542DD3E72B7813A300DBFCCC /* PurposeViewModel.swift in Sources */,
				54E9816F2B90A6EB000669DB /* AlternativesViewController.swift in Sources */,
				546071242B88C22F0033B598 /* HTTPMethods.swift in Sources */,
				54FD0F812B743C0000F964C3 /* NextButton.swift in Sources */,
				0833EF7C2BE55AD40024FB2C /* MyPageViewModel.swift in Sources */,
				54D6B7E42B9CAA7200628FF7 /* PackagingSelectionViewController.swift in Sources */,
				5460710E2B8235E10033B598 /* ColorPickerView.swift in Sources */,
				08DDC0882BA2CAD900C343CA /* BorderLine.swift in Sources */,
				0886DA652B957C87003779CE /* RequestDetailViewModel.swift in Sources */,
				542DD3F02B794B1000DBFCCC /* PurposeModel.swift in Sources */,
				54EA0E702BF6183B007B8F5A /* ShadowBorderLine.swift in Sources */,
				54EB17E62BA354F400717E6F /* PhotoCell.swift in Sources */,
				54FD0F852B74C13B00F964C3 /* PurposeType.swift in Sources */,
				54EB17ED2BAB103900717E6F /* CustomizingSummaryViewController.swift in Sources */,
				54EB17E32BA2F07D00717E6F /* PhotoViewController.swift in Sources */,
				54EB17EA2BA9ED5700717E6F /* UIButton+.swift in Sources */,
				54EB17D22BA08CA300717E6F /* FlowerSelectViewController.swift in Sources */,
				5413AA732BD5C12A006AA160 /* PurposeView.swift in Sources */,
				542DD3F02B794B1000DBFCCC /* PurposeModel.swift in Sources */,
				54FD0F332B6FCE2D00F964C3 /* HomeViewController.swift in Sources */,
				542DD3EB2B78F65D00DBFCCC /* FlowerColorPickerViewController.swift in Sources */,
				54EB17E82BA4796700717E6F /* BasePaddingLabel.swift in Sources */,
				54EB18052BB56E5300717E6F /* ColorSelectionButton.swift in Sources */,
				548C4AED2B8E98F6002F4FCB /* FlowerSelectTableViewCell.swift in Sources */,
				54FD0F2F2B6FCE2D00F964C3 /* AppDelegate.swift in Sources */,
				0833EF7A2BE534C40024FB2C /* BouquetAllAPI.swift in Sources */,
				0886DA692B962E3B003779CE /* FlowerTypeView.swift in Sources */,
				54FD0F6F2B73422900F964C3 /* CustomProgressHStackView.swift in Sources */,
				08C0ADF62BA9B91D0099EFE5 /* UIView+Extension.swift in Sources */,
				0887F6292B867BAE00727F14 /* SavedRequestCell.swift in Sources */,
				542DD3E52B77BC8200DBFCCC /* CustomExitAlertViewController.swift in Sources */,
				08C0ADF22BA979BC0099EFE5 /* RequestDetailView.swift in Sources */,
				5411BA362BDF8529002A85F0 /* AlternativesModel.swift in Sources */,
				54EB18032BB5400F00717E6F /* UIFont+.swift in Sources */,
				54EB180E2BBF4C1200717E6F /* FlowerKeywordAPI.swift in Sources */,
				54EB18122BBF542C00717E6F /* FlowerSelectModel.swift in Sources */,
				54D5BAFF2BE4016600C538E1 /* FlowerPriceModel.swift in Sources */,
				08C635EE2C01EB220088DE39 /* UITabBar+.swift in Sources */,
				5411BA382BE0DEA5002A85F0 /* PackagingAssignType.swift in Sources */,
				5413AA762BDA6F09006AA160 /* CustomizingSummaryViewModel.swift in Sources */,
				54EB17DA2BA1D2C900717E6F /* AlbumInfo.swift in Sources */,
				544FC0B32C03A5C70091EEE2 /* BouquetDetailDTO.swift in Sources */,
				546071322B88C6A30033B598 /* NetworkManager.swift in Sources */,
				54EA0E6E2BF5E732007B8F5A /* PostCustomBouquetRequestDTO.swift in Sources */,
				54D5BAFD2BE3F66A00C538E1 /* FlowerPriceViewModel.swift in Sources */,
				54FD0F312B6FCE2D00F964C3 /* SceneDelegate.swift in Sources */,
				08D0CF332BF70D5B005CBECA /* ToolTipView.swift in Sources */,
				54EB17CC2B9D83E200717E6F /* RangeSlider.swift in Sources */,
				54EB17D12BA08C2100717E6F /* PhotoSelectionViewController.swift in Sources */,
				54D6B7E62B9CAEA200628FF7 /* PackagingSelectionViewModel.swift in Sources */,
				5411BA3C2BE27795002A85F0 /* PackagingSelectionModel.swift in Sources */,
				54E9816B2B90A5CC000669DB /* FlowerSelectViewModel.swift in Sources */,
				54EB17DC2BA1D48F00717E6F /* PhotoAuthService.swift in Sources */,
				54EB180B2BBD686300717E6F /* UIViewController+.swift in Sources */,
				54EB18072BB5884500717E6F /* UIScrollView+.swift in Sources */,
				54EB17FE2BB4768400717E6F /* Palette.swift in Sources */,
			);
			runOnlyForDeploymentPostprocessing = 0;
		};
		54FD0F3D2B6FCE2E00F964C3 /* Sources */ = {
			isa = PBXSourcesBuildPhase;
			buildActionMask = 2147483647;
			files = (
				54FD0F462B6FCE2E00F964C3 /* WHOA_iOSTests.swift in Sources */,
			);
			runOnlyForDeploymentPostprocessing = 0;
		};
		54FD0F472B6FCE2E00F964C3 /* Sources */ = {
			isa = PBXSourcesBuildPhase;
			buildActionMask = 2147483647;
			files = (
				54FD0F522B6FCE2E00F964C3 /* WHOA_iOSUITestsLaunchTests.swift in Sources */,
				54FD0F502B6FCE2E00F964C3 /* WHOA_iOSUITests.swift in Sources */,
			);
			runOnlyForDeploymentPostprocessing = 0;
		};
/* End PBXSourcesBuildPhase section */

/* Begin PBXTargetDependency section */
		54FD0F432B6FCE2E00F964C3 /* PBXTargetDependency */ = {
			isa = PBXTargetDependency;
			target = 54FD0F2A2B6FCE2D00F964C3 /* WHOA_iOS */;
			targetProxy = 54FD0F422B6FCE2E00F964C3 /* PBXContainerItemProxy */;
		};
		54FD0F4D2B6FCE2E00F964C3 /* PBXTargetDependency */ = {
			isa = PBXTargetDependency;
			target = 54FD0F2A2B6FCE2D00F964C3 /* WHOA_iOS */;
			targetProxy = 54FD0F4C2B6FCE2E00F964C3 /* PBXContainerItemProxy */;
		};
/* End PBXTargetDependency section */

/* Begin XCBuildConfiguration section */
		54FD0F532B6FCE2E00F964C3 /* Debug */ = {
			isa = XCBuildConfiguration;
			buildSettings = {
				ALWAYS_SEARCH_USER_PATHS = NO;
				ASSETCATALOG_COMPILER_GENERATE_SWIFT_ASSET_SYMBOL_EXTENSIONS = YES;
				CLANG_ANALYZER_NONNULL = YES;
				CLANG_ANALYZER_NUMBER_OBJECT_CONVERSION = YES_AGGRESSIVE;
				CLANG_CXX_LANGUAGE_STANDARD = "gnu++20";
				CLANG_ENABLE_MODULES = YES;
				CLANG_ENABLE_OBJC_ARC = YES;
				CLANG_ENABLE_OBJC_WEAK = YES;
				CLANG_WARN_BLOCK_CAPTURE_AUTORELEASING = YES;
				CLANG_WARN_BOOL_CONVERSION = YES;
				CLANG_WARN_COMMA = YES;
				CLANG_WARN_CONSTANT_CONVERSION = YES;
				CLANG_WARN_DEPRECATED_OBJC_IMPLEMENTATIONS = YES;
				CLANG_WARN_DIRECT_OBJC_ISA_USAGE = YES_ERROR;
				CLANG_WARN_DOCUMENTATION_COMMENTS = YES;
				CLANG_WARN_EMPTY_BODY = YES;
				CLANG_WARN_ENUM_CONVERSION = YES;
				CLANG_WARN_INFINITE_RECURSION = YES;
				CLANG_WARN_INT_CONVERSION = YES;
				CLANG_WARN_NON_LITERAL_NULL_CONVERSION = YES;
				CLANG_WARN_OBJC_IMPLICIT_RETAIN_SELF = YES;
				CLANG_WARN_OBJC_LITERAL_CONVERSION = YES;
				CLANG_WARN_OBJC_ROOT_CLASS = YES_ERROR;
				CLANG_WARN_QUOTED_INCLUDE_IN_FRAMEWORK_HEADER = YES;
				CLANG_WARN_RANGE_LOOP_ANALYSIS = YES;
				CLANG_WARN_STRICT_PROTOTYPES = YES;
				CLANG_WARN_SUSPICIOUS_MOVE = YES;
				CLANG_WARN_UNGUARDED_AVAILABILITY = YES_AGGRESSIVE;
				CLANG_WARN_UNREACHABLE_CODE = YES;
				CLANG_WARN__DUPLICATE_METHOD_MATCH = YES;
				COPY_PHASE_STRIP = NO;
				DEBUG_INFORMATION_FORMAT = dwarf;
				ENABLE_STRICT_OBJC_MSGSEND = YES;
				ENABLE_TESTABILITY = YES;
				ENABLE_USER_SCRIPT_SANDBOXING = YES;
				GCC_C_LANGUAGE_STANDARD = gnu17;
				GCC_DYNAMIC_NO_PIC = NO;
				GCC_NO_COMMON_BLOCKS = YES;
				GCC_OPTIMIZATION_LEVEL = 0;
				GCC_PREPROCESSOR_DEFINITIONS = (
					"DEBUG=1",
					"$(inherited)",
				);
				GCC_WARN_64_TO_32_BIT_CONVERSION = YES;
				GCC_WARN_ABOUT_RETURN_TYPE = YES_ERROR;
				GCC_WARN_UNDECLARED_SELECTOR = YES;
				GCC_WARN_UNINITIALIZED_AUTOS = YES_AGGRESSIVE;
				GCC_WARN_UNUSED_FUNCTION = YES;
				GCC_WARN_UNUSED_VARIABLE = YES;
				IPHONEOS_DEPLOYMENT_TARGET = 17.2;
				LOCALIZATION_PREFERS_STRING_CATALOGS = YES;
				MTL_ENABLE_DEBUG_INFO = INCLUDE_SOURCE;
				MTL_FAST_MATH = YES;
				ONLY_ACTIVE_ARCH = YES;
				SDKROOT = iphoneos;
				SWIFT_ACTIVE_COMPILATION_CONDITIONS = "DEBUG $(inherited)";
				SWIFT_OPTIMIZATION_LEVEL = "-Onone";
			};
			name = Debug;
		};
		54FD0F542B6FCE2E00F964C3 /* Release */ = {
			isa = XCBuildConfiguration;
			buildSettings = {
				ALWAYS_SEARCH_USER_PATHS = NO;
				ASSETCATALOG_COMPILER_GENERATE_SWIFT_ASSET_SYMBOL_EXTENSIONS = YES;
				CLANG_ANALYZER_NONNULL = YES;
				CLANG_ANALYZER_NUMBER_OBJECT_CONVERSION = YES_AGGRESSIVE;
				CLANG_CXX_LANGUAGE_STANDARD = "gnu++20";
				CLANG_ENABLE_MODULES = YES;
				CLANG_ENABLE_OBJC_ARC = YES;
				CLANG_ENABLE_OBJC_WEAK = YES;
				CLANG_WARN_BLOCK_CAPTURE_AUTORELEASING = YES;
				CLANG_WARN_BOOL_CONVERSION = YES;
				CLANG_WARN_COMMA = YES;
				CLANG_WARN_CONSTANT_CONVERSION = YES;
				CLANG_WARN_DEPRECATED_OBJC_IMPLEMENTATIONS = YES;
				CLANG_WARN_DIRECT_OBJC_ISA_USAGE = YES_ERROR;
				CLANG_WARN_DOCUMENTATION_COMMENTS = YES;
				CLANG_WARN_EMPTY_BODY = YES;
				CLANG_WARN_ENUM_CONVERSION = YES;
				CLANG_WARN_INFINITE_RECURSION = YES;
				CLANG_WARN_INT_CONVERSION = YES;
				CLANG_WARN_NON_LITERAL_NULL_CONVERSION = YES;
				CLANG_WARN_OBJC_IMPLICIT_RETAIN_SELF = YES;
				CLANG_WARN_OBJC_LITERAL_CONVERSION = YES;
				CLANG_WARN_OBJC_ROOT_CLASS = YES_ERROR;
				CLANG_WARN_QUOTED_INCLUDE_IN_FRAMEWORK_HEADER = YES;
				CLANG_WARN_RANGE_LOOP_ANALYSIS = YES;
				CLANG_WARN_STRICT_PROTOTYPES = YES;
				CLANG_WARN_SUSPICIOUS_MOVE = YES;
				CLANG_WARN_UNGUARDED_AVAILABILITY = YES_AGGRESSIVE;
				CLANG_WARN_UNREACHABLE_CODE = YES;
				CLANG_WARN__DUPLICATE_METHOD_MATCH = YES;
				COPY_PHASE_STRIP = NO;
				DEBUG_INFORMATION_FORMAT = "dwarf-with-dsym";
				ENABLE_NS_ASSERTIONS = NO;
				ENABLE_STRICT_OBJC_MSGSEND = YES;
				ENABLE_USER_SCRIPT_SANDBOXING = YES;
				GCC_C_LANGUAGE_STANDARD = gnu17;
				GCC_NO_COMMON_BLOCKS = YES;
				GCC_WARN_64_TO_32_BIT_CONVERSION = YES;
				GCC_WARN_ABOUT_RETURN_TYPE = YES_ERROR;
				GCC_WARN_UNDECLARED_SELECTOR = YES;
				GCC_WARN_UNINITIALIZED_AUTOS = YES_AGGRESSIVE;
				GCC_WARN_UNUSED_FUNCTION = YES;
				GCC_WARN_UNUSED_VARIABLE = YES;
				IPHONEOS_DEPLOYMENT_TARGET = 17.2;
				LOCALIZATION_PREFERS_STRING_CATALOGS = YES;
				MTL_ENABLE_DEBUG_INFO = NO;
				MTL_FAST_MATH = YES;
				SDKROOT = iphoneos;
				SWIFT_COMPILATION_MODE = wholemodule;
				VALIDATE_PRODUCT = YES;
			};
			name = Release;
		};
		54FD0F562B6FCE2E00F964C3 /* Debug */ = {
			isa = XCBuildConfiguration;
			buildSettings = {
				ASSETCATALOG_COMPILER_APPICON_NAME = AppIcon;
				ASSETCATALOG_COMPILER_GLOBAL_ACCENT_COLOR_NAME = AccentColor;
				CODE_SIGN_IDENTITY = "Apple Development";
				CODE_SIGN_STYLE = Automatic;
				CURRENT_PROJECT_VERSION = 1;
				DEVELOPMENT_TEAM = 7G8HP2JBMK;
				GENERATE_INFOPLIST_FILE = YES;
				INFOPLIST_FILE = WHOA_iOS/SupportingFiles/Info.plist;
				INFOPLIST_KEY_UIApplicationSupportsIndirectInputEvents = YES;
				INFOPLIST_KEY_UILaunchStoryboardName = LaunchScreen;
				INFOPLIST_KEY_UIMainStoryboardFile = "";
				INFOPLIST_KEY_UISupportedInterfaceOrientations_iPad = "UIInterfaceOrientationPortrait UIInterfaceOrientationPortraitUpsideDown UIInterfaceOrientationLandscapeLeft UIInterfaceOrientationLandscapeRight";
				INFOPLIST_KEY_UISupportedInterfaceOrientations_iPhone = "UIInterfaceOrientationPortrait UIInterfaceOrientationLandscapeLeft UIInterfaceOrientationLandscapeRight";
				IPHONEOS_DEPLOYMENT_TARGET = 15.0;
				LD_RUNPATH_SEARCH_PATHS = (
					"$(inherited)",
					"@executable_path/Frameworks",
				);
				MARKETING_VERSION = 1.0;
				PRODUCT_BUNDLE_IDENTIFIER = "suyeon.WHOA-iOS";
				PRODUCT_NAME = "$(TARGET_NAME)";
				PROVISIONING_PROFILE_SPECIFIER = "";
				SUPPORTED_PLATFORMS = "iphoneos iphonesimulator";
				SUPPORTS_MACCATALYST = NO;
				SUPPORTS_MAC_DESIGNED_FOR_IPHONE_IPAD = NO;
				SUPPORTS_XR_DESIGNED_FOR_IPHONE_IPAD = NO;
				SWIFT_EMIT_LOC_STRINGS = YES;
				SWIFT_VERSION = 5.0;
				TARGETED_DEVICE_FAMILY = 1;
			};
			name = Debug;
		};
		54FD0F572B6FCE2E00F964C3 /* Release */ = {
			isa = XCBuildConfiguration;
			buildSettings = {
				ASSETCATALOG_COMPILER_APPICON_NAME = AppIcon;
				ASSETCATALOG_COMPILER_GLOBAL_ACCENT_COLOR_NAME = AccentColor;
				CODE_SIGN_IDENTITY = "Apple Development";
				CODE_SIGN_STYLE = Automatic;
				CURRENT_PROJECT_VERSION = 1;
				DEVELOPMENT_TEAM = 7G8HP2JBMK;
				GENERATE_INFOPLIST_FILE = YES;
				INFOPLIST_FILE = WHOA_iOS/SupportingFiles/Info.plist;
				INFOPLIST_KEY_UIApplicationSupportsIndirectInputEvents = YES;
				INFOPLIST_KEY_UILaunchStoryboardName = LaunchScreen;
				INFOPLIST_KEY_UIMainStoryboardFile = "";
				INFOPLIST_KEY_UISupportedInterfaceOrientations_iPad = "UIInterfaceOrientationPortrait UIInterfaceOrientationPortraitUpsideDown UIInterfaceOrientationLandscapeLeft UIInterfaceOrientationLandscapeRight";
				INFOPLIST_KEY_UISupportedInterfaceOrientations_iPhone = "UIInterfaceOrientationPortrait UIInterfaceOrientationLandscapeLeft UIInterfaceOrientationLandscapeRight";
				IPHONEOS_DEPLOYMENT_TARGET = 15.0;
				LD_RUNPATH_SEARCH_PATHS = (
					"$(inherited)",
					"@executable_path/Frameworks",
				);
				MARKETING_VERSION = 1.0;
				PRODUCT_BUNDLE_IDENTIFIER = "suyeon.WHOA-iOS";
				PRODUCT_NAME = "$(TARGET_NAME)";
				PROVISIONING_PROFILE_SPECIFIER = "";
				SUPPORTED_PLATFORMS = "iphoneos iphonesimulator";
				SUPPORTS_MACCATALYST = NO;
				SUPPORTS_MAC_DESIGNED_FOR_IPHONE_IPAD = NO;
				SUPPORTS_XR_DESIGNED_FOR_IPHONE_IPAD = NO;
				SWIFT_EMIT_LOC_STRINGS = YES;
				SWIFT_VERSION = 5.0;
				TARGETED_DEVICE_FAMILY = 1;
			};
			name = Release;
		};
		54FD0F592B6FCE2E00F964C3 /* Debug */ = {
			isa = XCBuildConfiguration;
			buildSettings = {
				ALWAYS_EMBED_SWIFT_STANDARD_LIBRARIES = YES;
				BUNDLE_LOADER = "$(TEST_HOST)";
				CODE_SIGN_STYLE = Automatic;
				CURRENT_PROJECT_VERSION = 1;
				DEVELOPMENT_TEAM = 7G8HP2JBMK;
				GENERATE_INFOPLIST_FILE = YES;
				IPHONEOS_DEPLOYMENT_TARGET = 17.2;
				MARKETING_VERSION = 1.0;
				PRODUCT_BUNDLE_IDENTIFIER = "KSH.WHOA-iOSTests";
				PRODUCT_NAME = "$(TARGET_NAME)";
				SWIFT_EMIT_LOC_STRINGS = NO;
				SWIFT_VERSION = 5.0;
				TARGETED_DEVICE_FAMILY = "1,2";
				TEST_HOST = "$(BUILT_PRODUCTS_DIR)/WHOA_iOS.app/$(BUNDLE_EXECUTABLE_FOLDER_PATH)/WHOA_iOS";
			};
			name = Debug;
		};
		54FD0F5A2B6FCE2E00F964C3 /* Release */ = {
			isa = XCBuildConfiguration;
			buildSettings = {
				ALWAYS_EMBED_SWIFT_STANDARD_LIBRARIES = YES;
				BUNDLE_LOADER = "$(TEST_HOST)";
				CODE_SIGN_STYLE = Automatic;
				CURRENT_PROJECT_VERSION = 1;
				DEVELOPMENT_TEAM = 7G8HP2JBMK;
				GENERATE_INFOPLIST_FILE = YES;
				IPHONEOS_DEPLOYMENT_TARGET = 17.2;
				MARKETING_VERSION = 1.0;
				PRODUCT_BUNDLE_IDENTIFIER = "KSH.WHOA-iOSTests";
				PRODUCT_NAME = "$(TARGET_NAME)";
				SWIFT_EMIT_LOC_STRINGS = NO;
				SWIFT_VERSION = 5.0;
				TARGETED_DEVICE_FAMILY = "1,2";
				TEST_HOST = "$(BUILT_PRODUCTS_DIR)/WHOA_iOS.app/$(BUNDLE_EXECUTABLE_FOLDER_PATH)/WHOA_iOS";
			};
			name = Release;
		};
		54FD0F5C2B6FCE2E00F964C3 /* Debug */ = {
			isa = XCBuildConfiguration;
			buildSettings = {
				ALWAYS_EMBED_SWIFT_STANDARD_LIBRARIES = YES;
				CODE_SIGN_STYLE = Automatic;
				CURRENT_PROJECT_VERSION = 1;
				DEVELOPMENT_TEAM = 7G8HP2JBMK;
				GENERATE_INFOPLIST_FILE = YES;
				MARKETING_VERSION = 1.0;
				PRODUCT_BUNDLE_IDENTIFIER = "KSH.WHOA-iOSUITests";
				PRODUCT_NAME = "$(TARGET_NAME)";
				SWIFT_EMIT_LOC_STRINGS = NO;
				SWIFT_VERSION = 5.0;
				TARGETED_DEVICE_FAMILY = "1,2";
				TEST_TARGET_NAME = WHOA_iOS;
			};
			name = Debug;
		};
		54FD0F5D2B6FCE2E00F964C3 /* Release */ = {
			isa = XCBuildConfiguration;
			buildSettings = {
				ALWAYS_EMBED_SWIFT_STANDARD_LIBRARIES = YES;
				CODE_SIGN_STYLE = Automatic;
				CURRENT_PROJECT_VERSION = 1;
				DEVELOPMENT_TEAM = 7G8HP2JBMK;
				GENERATE_INFOPLIST_FILE = YES;
				MARKETING_VERSION = 1.0;
				PRODUCT_BUNDLE_IDENTIFIER = "KSH.WHOA-iOSUITests";
				PRODUCT_NAME = "$(TARGET_NAME)";
				SWIFT_EMIT_LOC_STRINGS = NO;
				SWIFT_VERSION = 5.0;
				TARGETED_DEVICE_FAMILY = "1,2";
				TEST_TARGET_NAME = WHOA_iOS;
			};
			name = Release;
		};
/* End XCBuildConfiguration section */

/* Begin XCConfigurationList section */
		54FD0F262B6FCE2D00F964C3 /* Build configuration list for PBXProject "WHOA_iOS" */ = {
			isa = XCConfigurationList;
			buildConfigurations = (
				54FD0F532B6FCE2E00F964C3 /* Debug */,
				54FD0F542B6FCE2E00F964C3 /* Release */,
			);
			defaultConfigurationIsVisible = 0;
			defaultConfigurationName = Release;
		};
		54FD0F552B6FCE2E00F964C3 /* Build configuration list for PBXNativeTarget "WHOA_iOS" */ = {
			isa = XCConfigurationList;
			buildConfigurations = (
				54FD0F562B6FCE2E00F964C3 /* Debug */,
				54FD0F572B6FCE2E00F964C3 /* Release */,
			);
			defaultConfigurationIsVisible = 0;
			defaultConfigurationName = Release;
		};
		54FD0F582B6FCE2E00F964C3 /* Build configuration list for PBXNativeTarget "WHOA_iOSTests" */ = {
			isa = XCConfigurationList;
			buildConfigurations = (
				54FD0F592B6FCE2E00F964C3 /* Debug */,
				54FD0F5A2B6FCE2E00F964C3 /* Release */,
			);
			defaultConfigurationIsVisible = 0;
			defaultConfigurationName = Release;
		};
		54FD0F5B2B6FCE2E00F964C3 /* Build configuration list for PBXNativeTarget "WHOA_iOSUITests" */ = {
			isa = XCConfigurationList;
			buildConfigurations = (
				54FD0F5C2B6FCE2E00F964C3 /* Debug */,
				54FD0F5D2B6FCE2E00F964C3 /* Release */,
			);
			defaultConfigurationIsVisible = 0;
			defaultConfigurationName = Release;
		};
/* End XCConfigurationList section */

/* Begin XCRemoteSwiftPackageReference section */
		54FD0F632B7000C000F964C3 /* XCRemoteSwiftPackageReference "SnapKit" */ = {
			isa = XCRemoteSwiftPackageReference;
			repositoryURL = "https://github.com/SnapKit/SnapKit";
			requirement = {
				kind = upToNextMajorVersion;
				minimumVersion = 5.7.0;
			};
		};
		54FD0F662B7002D300F964C3 /* XCRemoteSwiftPackageReference "Alamofire" */ = {
			isa = XCRemoteSwiftPackageReference;
			repositoryURL = "https://github.com/Alamofire/Alamofire";
			requirement = {
				kind = upToNextMajorVersion;
				minimumVersion = 5.8.1;
			};
		};
/* End XCRemoteSwiftPackageReference section */

/* Begin XCSwiftPackageProductDependency section */
		54FD0F642B7000C000F964C3 /* SnapKit */ = {
			isa = XCSwiftPackageProductDependency;
			package = 54FD0F632B7000C000F964C3 /* XCRemoteSwiftPackageReference "SnapKit" */;
			productName = SnapKit;
		};
		54FD0F672B7002D300F964C3 /* Alamofire */ = {
			isa = XCSwiftPackageProductDependency;
			package = 54FD0F662B7002D300F964C3 /* XCRemoteSwiftPackageReference "Alamofire" */;
			productName = Alamofire;
		};
/* End XCSwiftPackageProductDependency section */
	};
	rootObject = 54FD0F232B6FCE2D00F964C3 /* Project object */;
}
