// !$*UTF8*$!
{
	archiveVersion = 1;
	classes = {
	};
	objectVersion = 56;
	objects = {

/* Begin PBXBuildFile section */
		085738362B721CF000AAFAC6 /* TodaysFlowerView.swift in Sources */ = {isa = PBXBuildFile; fileRef = 085738352B721CF000AAFAC6 /* TodaysFlowerView.swift */; };
		085738372B72344C00AAFAC6 /* Pretendard-Black.otf in Resources */ = {isa = PBXBuildFile; fileRef = 085738302B721A5700AAFAC6 /* Pretendard-Black.otf */; };
		085738382B72346000AAFAC6 /* Pretendard-Bold.otf in Resources */ = {isa = PBXBuildFile; fileRef = 0857382D2B721A5700AAFAC6 /* Pretendard-Bold.otf */; };
		085738392B72348400AAFAC6 /* Pretendard-ExtraBold.otf in Resources */ = {isa = PBXBuildFile; fileRef = 085738312B721A5800AAFAC6 /* Pretendard-ExtraBold.otf */; };
		0857383A2B72348600AAFAC6 /* Pretendard-ExtraLight.otf in Resources */ = {isa = PBXBuildFile; fileRef = 085738322B721A5800AAFAC6 /* Pretendard-ExtraLight.otf */; };
		0857383B2B72348900AAFAC6 /* Pretendard-Light.otf in Resources */ = {isa = PBXBuildFile; fileRef = 0857382C2B721A5700AAFAC6 /* Pretendard-Light.otf */; };
		0857383C2B72348C00AAFAC6 /* Pretendard-Medium.otf in Resources */ = {isa = PBXBuildFile; fileRef = 085738332B721A5800AAFAC6 /* Pretendard-Medium.otf */; };
		0857383D2B72348E00AAFAC6 /* Pretendard-Regular.otf in Resources */ = {isa = PBXBuildFile; fileRef = 0857382F2B721A5700AAFAC6 /* Pretendard-Regular.otf */; };
		0857383E2B72349100AAFAC6 /* Pretendard-SemiBold.otf in Resources */ = {isa = PBXBuildFile; fileRef = 0857382B2B721A5700AAFAC6 /* Pretendard-SemiBold.otf */; };
		0857383F2B72349300AAFAC6 /* Pretendard-Thin.otf in Resources */ = {isa = PBXBuildFile; fileRef = 0857382E2B721A5700AAFAC6 /* Pretendard-Thin.otf */; };
		085738412B726B3000AAFAC6 /* FlowerLanguageLabel.swift in Sources */ = {isa = PBXBuildFile; fileRef = 085738402B726B3000AAFAC6 /* FlowerLanguageLabel.swift */; };
		08877E252B74C0F10028BD26 /* CheapFlowerInfoCell.swift in Sources */ = {isa = PBXBuildFile; fileRef = 08877E242B74C0F10028BD26 /* CheapFlowerInfoCell.swift */; };
		08877E282B7623B60028BD26 /* FlowerDetailViewController.swift in Sources */ = {isa = PBXBuildFile; fileRef = 08877E272B7623B60028BD26 /* FlowerDetailViewController.swift */; };
		08877E2D2B7641110028BD26 /* ColorChipButton.swift in Sources */ = {isa = PBXBuildFile; fileRef = 08877E2C2B7641110028BD26 /* ColorChipButton.swift */; };
		089062922B77B42B00C856CB /* image.png in Resources */ = {isa = PBXBuildFile; fileRef = 089062912B77B42B00C856CB /* image.png */; };
		08C498342B73439E00A2AB70 /* CheapFlowerView.swift in Sources */ = {isa = PBXBuildFile; fileRef = 08C498332B73439E00A2AB70 /* CheapFlowerView.swift */; };
		54FD0F2F2B6FCE2D00F964C3 /* AppDelegate.swift in Sources */ = {isa = PBXBuildFile; fileRef = 54FD0F2E2B6FCE2D00F964C3 /* AppDelegate.swift */; };
		54FD0F312B6FCE2D00F964C3 /* SceneDelegate.swift in Sources */ = {isa = PBXBuildFile; fileRef = 54FD0F302B6FCE2D00F964C3 /* SceneDelegate.swift */; };
		54FD0F332B6FCE2D00F964C3 /* HomeViewController.swift in Sources */ = {isa = PBXBuildFile; fileRef = 54FD0F322B6FCE2D00F964C3 /* HomeViewController.swift */; };
		54FD0F382B6FCE2E00F964C3 /* Assets.xcassets in Resources */ = {isa = PBXBuildFile; fileRef = 54FD0F372B6FCE2E00F964C3 /* Assets.xcassets */; };
		54FD0F462B6FCE2E00F964C3 /* WHOA_iOSTests.swift in Sources */ = {isa = PBXBuildFile; fileRef = 54FD0F452B6FCE2E00F964C3 /* WHOA_iOSTests.swift */; };
		54FD0F502B6FCE2E00F964C3 /* WHOA_iOSUITests.swift in Sources */ = {isa = PBXBuildFile; fileRef = 54FD0F4F2B6FCE2E00F964C3 /* WHOA_iOSUITests.swift */; };
		54FD0F522B6FCE2E00F964C3 /* WHOA_iOSUITestsLaunchTests.swift in Sources */ = {isa = PBXBuildFile; fileRef = 54FD0F512B6FCE2E00F964C3 /* WHOA_iOSUITestsLaunchTests.swift */; };
		54FD0F652B7000C000F964C3 /* SnapKit in Frameworks */ = {isa = PBXBuildFile; productRef = 54FD0F642B7000C000F964C3 /* SnapKit */; };
		54FD0F682B7002D300F964C3 /* Alamofire in Frameworks */ = {isa = PBXBuildFile; productRef = 54FD0F672B7002D300F964C3 /* Alamofire */; };
/* End PBXBuildFile section */

/* Begin PBXContainerItemProxy section */
		54FD0F422B6FCE2E00F964C3 /* PBXContainerItemProxy */ = {
			isa = PBXContainerItemProxy;
			containerPortal = 54FD0F232B6FCE2D00F964C3 /* Project object */;
			proxyType = 1;
			remoteGlobalIDString = 54FD0F2A2B6FCE2D00F964C3;
			remoteInfo = WHOA_iOS;
		};
		54FD0F4C2B6FCE2E00F964C3 /* PBXContainerItemProxy */ = {
			isa = PBXContainerItemProxy;
			containerPortal = 54FD0F232B6FCE2D00F964C3 /* Project object */;
			proxyType = 1;
			remoteGlobalIDString = 54FD0F2A2B6FCE2D00F964C3;
			remoteInfo = WHOA_iOS;
		};
/* End PBXContainerItemProxy section */

/* Begin PBXFileReference section */
		0857382B2B721A5700AAFAC6 /* Pretendard-SemiBold.otf */ = {isa = PBXFileReference; lastKnownFileType = file; path = "Pretendard-SemiBold.otf"; sourceTree = "<group>"; };
		0857382C2B721A5700AAFAC6 /* Pretendard-Light.otf */ = {isa = PBXFileReference; lastKnownFileType = file; path = "Pretendard-Light.otf"; sourceTree = "<group>"; };
		0857382D2B721A5700AAFAC6 /* Pretendard-Bold.otf */ = {isa = PBXFileReference; lastKnownFileType = file; path = "Pretendard-Bold.otf"; sourceTree = "<group>"; };
		0857382E2B721A5700AAFAC6 /* Pretendard-Thin.otf */ = {isa = PBXFileReference; lastKnownFileType = file; path = "Pretendard-Thin.otf"; sourceTree = "<group>"; };
		0857382F2B721A5700AAFAC6 /* Pretendard-Regular.otf */ = {isa = PBXFileReference; lastKnownFileType = file; path = "Pretendard-Regular.otf"; sourceTree = "<group>"; };
		085738302B721A5700AAFAC6 /* Pretendard-Black.otf */ = {isa = PBXFileReference; lastKnownFileType = file; path = "Pretendard-Black.otf"; sourceTree = "<group>"; };
		085738312B721A5800AAFAC6 /* Pretendard-ExtraBold.otf */ = {isa = PBXFileReference; lastKnownFileType = file; path = "Pretendard-ExtraBold.otf"; sourceTree = "<group>"; };
		085738322B721A5800AAFAC6 /* Pretendard-ExtraLight.otf */ = {isa = PBXFileReference; lastKnownFileType = file; path = "Pretendard-ExtraLight.otf"; sourceTree = "<group>"; };
		085738332B721A5800AAFAC6 /* Pretendard-Medium.otf */ = {isa = PBXFileReference; lastKnownFileType = file; path = "Pretendard-Medium.otf"; sourceTree = "<group>"; };
		085738352B721CF000AAFAC6 /* TodaysFlowerView.swift */ = {isa = PBXFileReference; lastKnownFileType = sourcecode.swift; path = TodaysFlowerView.swift; sourceTree = "<group>"; };
		085738402B726B3000AAFAC6 /* FlowerLanguageLabel.swift */ = {isa = PBXFileReference; lastKnownFileType = sourcecode.swift; path = FlowerLanguageLabel.swift; sourceTree = "<group>"; };
		08877E242B74C0F10028BD26 /* CheapFlowerInfoCell.swift */ = {isa = PBXFileReference; lastKnownFileType = sourcecode.swift; path = CheapFlowerInfoCell.swift; sourceTree = "<group>"; };
		08877E272B7623B60028BD26 /* FlowerDetailViewController.swift */ = {isa = PBXFileReference; lastKnownFileType = sourcecode.swift; path = FlowerDetailViewController.swift; sourceTree = "<group>"; };
		08877E2C2B7641110028BD26 /* ColorChipButton.swift */ = {isa = PBXFileReference; lastKnownFileType = sourcecode.swift; path = ColorChipButton.swift; sourceTree = "<group>"; };
		089062912B77B42B00C856CB /* image.png */ = {isa = PBXFileReference; lastKnownFileType = image.png; path = image.png; sourceTree = "<group>"; };
		08C498332B73439E00A2AB70 /* CheapFlowerView.swift */ = {isa = PBXFileReference; lastKnownFileType = sourcecode.swift; path = CheapFlowerView.swift; sourceTree = "<group>"; };
		54FD0F2B2B6FCE2D00F964C3 /* WHOA_iOS.app */ = {isa = PBXFileReference; explicitFileType = wrapper.application; includeInIndex = 0; path = WHOA_iOS.app; sourceTree = BUILT_PRODUCTS_DIR; };
		54FD0F2E2B6FCE2D00F964C3 /* AppDelegate.swift */ = {isa = PBXFileReference; lastKnownFileType = sourcecode.swift; path = AppDelegate.swift; sourceTree = "<group>"; };
		54FD0F302B6FCE2D00F964C3 /* SceneDelegate.swift */ = {isa = PBXFileReference; lastKnownFileType = sourcecode.swift; path = SceneDelegate.swift; sourceTree = "<group>"; };
		54FD0F322B6FCE2D00F964C3 /* HomeViewController.swift */ = {isa = PBXFileReference; lastKnownFileType = sourcecode.swift; path = HomeViewController.swift; sourceTree = "<group>"; };
		54FD0F372B6FCE2E00F964C3 /* Assets.xcassets */ = {isa = PBXFileReference; lastKnownFileType = folder.assetcatalog; path = Assets.xcassets; sourceTree = "<group>"; };
		54FD0F3C2B6FCE2E00F964C3 /* Info.plist */ = {isa = PBXFileReference; lastKnownFileType = text.plist.xml; path = Info.plist; sourceTree = "<group>"; };
		54FD0F412B6FCE2E00F964C3 /* WHOA_iOSTests.xctest */ = {isa = PBXFileReference; explicitFileType = wrapper.cfbundle; includeInIndex = 0; path = WHOA_iOSTests.xctest; sourceTree = BUILT_PRODUCTS_DIR; };
		54FD0F452B6FCE2E00F964C3 /* WHOA_iOSTests.swift */ = {isa = PBXFileReference; lastKnownFileType = sourcecode.swift; path = WHOA_iOSTests.swift; sourceTree = "<group>"; };
		54FD0F4B2B6FCE2E00F964C3 /* WHOA_iOSUITests.xctest */ = {isa = PBXFileReference; explicitFileType = wrapper.cfbundle; includeInIndex = 0; path = WHOA_iOSUITests.xctest; sourceTree = BUILT_PRODUCTS_DIR; };
		54FD0F4F2B6FCE2E00F964C3 /* WHOA_iOSUITests.swift */ = {isa = PBXFileReference; lastKnownFileType = sourcecode.swift; path = WHOA_iOSUITests.swift; sourceTree = "<group>"; };
		54FD0F512B6FCE2E00F964C3 /* WHOA_iOSUITestsLaunchTests.swift */ = {isa = PBXFileReference; lastKnownFileType = sourcecode.swift; path = WHOA_iOSUITestsLaunchTests.swift; sourceTree = "<group>"; };
/* End PBXFileReference section */

/* Begin PBXFrameworksBuildPhase section */
		54FD0F282B6FCE2D00F964C3 /* Frameworks */ = {
			isa = PBXFrameworksBuildPhase;
			buildActionMask = 2147483647;
			files = (
				54FD0F652B7000C000F964C3 /* SnapKit in Frameworks */,
				54FD0F682B7002D300F964C3 /* Alamofire in Frameworks */,
			);
			runOnlyForDeploymentPostprocessing = 0;
		};
		54FD0F3E2B6FCE2E00F964C3 /* Frameworks */ = {
			isa = PBXFrameworksBuildPhase;
			buildActionMask = 2147483647;
			files = (
			);
			runOnlyForDeploymentPostprocessing = 0;
		};
		54FD0F482B6FCE2E00F964C3 /* Frameworks */ = {
			isa = PBXFrameworksBuildPhase;
			buildActionMask = 2147483647;
			files = (
			);
			runOnlyForDeploymentPostprocessing = 0;
		};
/* End PBXFrameworksBuildPhase section */

/* Begin PBXGroup section */
		0857382A2B721A2200AAFAC6 /* Fonts */ = {
			isa = PBXGroup;
			children = (
				085738302B721A5700AAFAC6 /* Pretendard-Black.otf */,
				0857382D2B721A5700AAFAC6 /* Pretendard-Bold.otf */,
				085738312B721A5800AAFAC6 /* Pretendard-ExtraBold.otf */,
				085738322B721A5800AAFAC6 /* Pretendard-ExtraLight.otf */,
				0857382C2B721A5700AAFAC6 /* Pretendard-Light.otf */,
				085738332B721A5800AAFAC6 /* Pretendard-Medium.otf */,
				0857382F2B721A5700AAFAC6 /* Pretendard-Regular.otf */,
				0857382B2B721A5700AAFAC6 /* Pretendard-SemiBold.otf */,
				0857382E2B721A5700AAFAC6 /* Pretendard-Thin.otf */,
			);
			path = Fonts;
			sourceTree = "<group>";
		};
		085738342B721C5A00AAFAC6 /* View */ = {
			isa = PBXGroup;
			children = (
				085738352B721CF000AAFAC6 /* TodaysFlowerView.swift */,
				085738402B726B3000AAFAC6 /* FlowerLanguageLabel.swift */,
				08C498332B73439E00A2AB70 /* CheapFlowerView.swift */,
				08877E242B74C0F10028BD26 /* CheapFlowerInfoCell.swift */,
			);
			path = View;
			sourceTree = "<group>";
		};
		08877E262B7623990028BD26 /* FlowerDetail */ = {
			isa = PBXGroup;
			children = (
				089062902B77A66B00C856CB /* ViewModel */,
				08877E292B7623F50028BD26 /* View */,
				08877E272B7623B60028BD26 /* FlowerDetailViewController.swift */,
			);
			path = FlowerDetail;
			sourceTree = "<group>";
		};
		08877E292B7623F50028BD26 /* View */ = {
			isa = PBXGroup;
			children = (
				08877E2C2B7641110028BD26 /* ColorChipButton.swift */,
			);
			path = View;
			sourceTree = "<group>";
		};
		089062902B77A66B00C856CB /* ViewModel */ = {
			isa = PBXGroup;
			children = (
			);
			path = ViewModel;
			sourceTree = "<group>";
		};
		54FD0F222B6FCE2D00F964C3 = {
			isa = PBXGroup;
			children = (
				54FD0F2D2B6FCE2D00F964C3 /* WHOA_iOS */,
				54FD0F442B6FCE2E00F964C3 /* WHOA_iOSTests */,
				54FD0F4E2B6FCE2E00F964C3 /* WHOA_iOSUITests */,
				54FD0F2C2B6FCE2D00F964C3 /* Products */,
			);
			sourceTree = "<group>";
		};
		54FD0F2C2B6FCE2D00F964C3 /* Products */ = {
			isa = PBXGroup;
			children = (
				54FD0F2B2B6FCE2D00F964C3 /* WHOA_iOS.app */,
				54FD0F412B6FCE2E00F964C3 /* WHOA_iOSTests.xctest */,
				54FD0F4B2B6FCE2E00F964C3 /* WHOA_iOSUITests.xctest */,
			);
			name = Products;
			sourceTree = "<group>";
		};
		54FD0F2D2B6FCE2D00F964C3 /* WHOA_iOS */ = {
			isa = PBXGroup;
			children = (
				54FD0F5E2B6FD48900F964C3 /* App */,
				54FD0F612B6FD60700F964C3 /* UI */,
				54FD0F602B6FD52E00F964C3 /* Resources */,
				54FD0F5F2B6FD4EB00F964C3 /* SupportingFiles */,
			);
			path = WHOA_iOS;
			sourceTree = "<group>";
		};
		54FD0F442B6FCE2E00F964C3 /* WHOA_iOSTests */ = {
			isa = PBXGroup;
			children = (
				54FD0F452B6FCE2E00F964C3 /* WHOA_iOSTests.swift */,
			);
			path = WHOA_iOSTests;
			sourceTree = "<group>";
		};
		54FD0F4E2B6FCE2E00F964C3 /* WHOA_iOSUITests */ = {
			isa = PBXGroup;
			children = (
				54FD0F4F2B6FCE2E00F964C3 /* WHOA_iOSUITests.swift */,
				54FD0F512B6FCE2E00F964C3 /* WHOA_iOSUITestsLaunchTests.swift */,
			);
			path = WHOA_iOSUITests;
			sourceTree = "<group>";
		};
		54FD0F5E2B6FD48900F964C3 /* App */ = {
			isa = PBXGroup;
			children = (
				54FD0F2E2B6FCE2D00F964C3 /* AppDelegate.swift */,
				54FD0F302B6FCE2D00F964C3 /* SceneDelegate.swift */,
			);
			path = App;
			sourceTree = "<group>";
		};
		54FD0F5F2B6FD4EB00F964C3 /* SupportingFiles */ = {
			isa = PBXGroup;
			children = (
				54FD0F3C2B6FCE2E00F964C3 /* Info.plist */,
			);
			path = SupportingFiles;
			sourceTree = "<group>";
		};
		54FD0F602B6FD52E00F964C3 /* Resources */ = {
			isa = PBXGroup;
			children = (
				0857382A2B721A2200AAFAC6 /* Fonts */,
				54FD0F372B6FCE2E00F964C3 /* Assets.xcassets */,
			);
			path = Resources;
			sourceTree = "<group>";
		};
		54FD0F612B6FD60700F964C3 /* UI */ = {
			isa = PBXGroup;
			children = (
				54FD0F622B6FFC1C00F964C3 /* Home */,
			);
			path = UI;
			sourceTree = "<group>";
		};
		54FD0F622B6FFC1C00F964C3 /* Home */ = {
			isa = PBXGroup;
			children = (
				08877E262B7623990028BD26 /* FlowerDetail */,
				085738342B721C5A00AAFAC6 /* View */,
				54FD0F322B6FCE2D00F964C3 /* HomeViewController.swift */,
				089062912B77B42B00C856CB /* image.png */,
			);
			path = Home;
			sourceTree = "<group>";
		};
/* End PBXGroup section */

/* Begin PBXNativeTarget section */
		54FD0F2A2B6FCE2D00F964C3 /* WHOA_iOS */ = {
			isa = PBXNativeTarget;
			buildConfigurationList = 54FD0F552B6FCE2E00F964C3 /* Build configuration list for PBXNativeTarget "WHOA_iOS" */;
			buildPhases = (
				54FD0F272B6FCE2D00F964C3 /* Sources */,
				54FD0F282B6FCE2D00F964C3 /* Frameworks */,
				54FD0F292B6FCE2D00F964C3 /* Resources */,
			);
			buildRules = (
			);
			dependencies = (
			);
			name = WHOA_iOS;
			packageProductDependencies = (
				54FD0F642B7000C000F964C3 /* SnapKit */,
				54FD0F672B7002D300F964C3 /* Alamofire */,
			);
			productName = WHOA_iOS;
			productReference = 54FD0F2B2B6FCE2D00F964C3 /* WHOA_iOS.app */;
			productType = "com.apple.product-type.application";
		};
		54FD0F402B6FCE2E00F964C3 /* WHOA_iOSTests */ = {
			isa = PBXNativeTarget;
			buildConfigurationList = 54FD0F582B6FCE2E00F964C3 /* Build configuration list for PBXNativeTarget "WHOA_iOSTests" */;
			buildPhases = (
				54FD0F3D2B6FCE2E00F964C3 /* Sources */,
				54FD0F3E2B6FCE2E00F964C3 /* Frameworks */,
				54FD0F3F2B6FCE2E00F964C3 /* Resources */,
			);
			buildRules = (
			);
			dependencies = (
				54FD0F432B6FCE2E00F964C3 /* PBXTargetDependency */,
			);
			name = WHOA_iOSTests;
			productName = WHOA_iOSTests;
			productReference = 54FD0F412B6FCE2E00F964C3 /* WHOA_iOSTests.xctest */;
			productType = "com.apple.product-type.bundle.unit-test";
		};
		54FD0F4A2B6FCE2E00F964C3 /* WHOA_iOSUITests */ = {
			isa = PBXNativeTarget;
			buildConfigurationList = 54FD0F5B2B6FCE2E00F964C3 /* Build configuration list for PBXNativeTarget "WHOA_iOSUITests" */;
			buildPhases = (
				54FD0F472B6FCE2E00F964C3 /* Sources */,
				54FD0F482B6FCE2E00F964C3 /* Frameworks */,
				54FD0F492B6FCE2E00F964C3 /* Resources */,
			);
			buildRules = (
			);
			dependencies = (
				54FD0F4D2B6FCE2E00F964C3 /* PBXTargetDependency */,
			);
			name = WHOA_iOSUITests;
			productName = WHOA_iOSUITests;
			productReference = 54FD0F4B2B6FCE2E00F964C3 /* WHOA_iOSUITests.xctest */;
			productType = "com.apple.product-type.bundle.ui-testing";
		};
/* End PBXNativeTarget section */

/* Begin PBXProject section */
		54FD0F232B6FCE2D00F964C3 /* Project object */ = {
			isa = PBXProject;
			attributes = {
				BuildIndependentTargetsInParallel = 1;
				LastSwiftUpdateCheck = 1520;
				LastUpgradeCheck = 1520;
				TargetAttributes = {
					54FD0F2A2B6FCE2D00F964C3 = {
						CreatedOnToolsVersion = 15.2;
					};
					54FD0F402B6FCE2E00F964C3 = {
						CreatedOnToolsVersion = 15.2;
						TestTargetID = 54FD0F2A2B6FCE2D00F964C3;
					};
					54FD0F4A2B6FCE2E00F964C3 = {
						CreatedOnToolsVersion = 15.2;
						TestTargetID = 54FD0F2A2B6FCE2D00F964C3;
					};
				};
			};
			buildConfigurationList = 54FD0F262B6FCE2D00F964C3 /* Build configuration list for PBXProject "WHOA_iOS" */;
			compatibilityVersion = "Xcode 14.0";
			developmentRegion = en;
			hasScannedForEncodings = 0;
			knownRegions = (
				en,
				Base,
			);
			mainGroup = 54FD0F222B6FCE2D00F964C3;
			packageReferences = (
				54FD0F632B7000C000F964C3 /* XCRemoteSwiftPackageReference "SnapKit" */,
				54FD0F662B7002D300F964C3 /* XCRemoteSwiftPackageReference "Alamofire" */,
			);
			productRefGroup = 54FD0F2C2B6FCE2D00F964C3 /* Products */;
			projectDirPath = "";
			projectRoot = "";
			targets = (
				54FD0F2A2B6FCE2D00F964C3 /* WHOA_iOS */,
				54FD0F402B6FCE2E00F964C3 /* WHOA_iOSTests */,
				54FD0F4A2B6FCE2E00F964C3 /* WHOA_iOSUITests */,
			);
		};
/* End PBXProject section */

/* Begin PBXResourcesBuildPhase section */
		54FD0F292B6FCE2D00F964C3 /* Resources */ = {
			isa = PBXResourcesBuildPhase;
			buildActionMask = 2147483647;
			files = (
				089062922B77B42B00C856CB /* image.png in Resources */,
				0857383C2B72348C00AAFAC6 /* Pretendard-Medium.otf in Resources */,
				0857383F2B72349300AAFAC6 /* Pretendard-Thin.otf in Resources */,
				085738372B72344C00AAFAC6 /* Pretendard-Black.otf in Resources */,
				085738382B72346000AAFAC6 /* Pretendard-Bold.otf in Resources */,
				0857383A2B72348600AAFAC6 /* Pretendard-ExtraLight.otf in Resources */,
				085738392B72348400AAFAC6 /* Pretendard-ExtraBold.otf in Resources */,
				0857383D2B72348E00AAFAC6 /* Pretendard-Regular.otf in Resources */,
				0857383E2B72349100AAFAC6 /* Pretendard-SemiBold.otf in Resources */,
				54FD0F382B6FCE2E00F964C3 /* Assets.xcassets in Resources */,
				0857383B2B72348900AAFAC6 /* Pretendard-Light.otf in Resources */,
			);
			runOnlyForDeploymentPostprocessing = 0;
		};
		54FD0F3F2B6FCE2E00F964C3 /* Resources */ = {
			isa = PBXResourcesBuildPhase;
			buildActionMask = 2147483647;
			files = (
			);
			runOnlyForDeploymentPostprocessing = 0;
		};
		54FD0F492B6FCE2E00F964C3 /* Resources */ = {
			isa = PBXResourcesBuildPhase;
			buildActionMask = 2147483647;
			files = (
			);
			runOnlyForDeploymentPostprocessing = 0;
		};
/* End PBXResourcesBuildPhase section */

/* Begin PBXSourcesBuildPhase section */
		54FD0F272B6FCE2D00F964C3 /* Sources */ = {
			isa = PBXSourcesBuildPhase;
			buildActionMask = 2147483647;
			files = (
				08877E282B7623B60028BD26 /* FlowerDetailViewController.swift in Sources */,
				54FD0F332B6FCE2D00F964C3 /* HomeViewController.swift in Sources */,
				54FD0F2F2B6FCE2D00F964C3 /* AppDelegate.swift in Sources */,
				08877E252B74C0F10028BD26 /* CheapFlowerInfoCell.swift in Sources */,
				54FD0F312B6FCE2D00F964C3 /* SceneDelegate.swift in Sources */,
				08877E2D2B7641110028BD26 /* ColorChipButton.swift in Sources */,
				08C498342B73439E00A2AB70 /* CheapFlowerView.swift in Sources */,
				085738412B726B3000AAFAC6 /* FlowerLanguageLabel.swift in Sources */,
				085738362B721CF000AAFAC6 /* TodaysFlowerView.swift in Sources */,
			);
			runOnlyForDeploymentPostprocessing = 0;
		};
		54FD0F3D2B6FCE2E00F964C3 /* Sources */ = {
			isa = PBXSourcesBuildPhase;
			buildActionMask = 2147483647;
			files = (
				54FD0F462B6FCE2E00F964C3 /* WHOA_iOSTests.swift in Sources */,
			);
			runOnlyForDeploymentPostprocessing = 0;
		};
		54FD0F472B6FCE2E00F964C3 /* Sources */ = {
			isa = PBXSourcesBuildPhase;
			buildActionMask = 2147483647;
			files = (
				54FD0F522B6FCE2E00F964C3 /* WHOA_iOSUITestsLaunchTests.swift in Sources */,
				54FD0F502B6FCE2E00F964C3 /* WHOA_iOSUITests.swift in Sources */,
			);
			runOnlyForDeploymentPostprocessing = 0;
		};
/* End PBXSourcesBuildPhase section */

/* Begin PBXTargetDependency section */
		54FD0F432B6FCE2E00F964C3 /* PBXTargetDependency */ = {
			isa = PBXTargetDependency;
			target = 54FD0F2A2B6FCE2D00F964C3 /* WHOA_iOS */;
			targetProxy = 54FD0F422B6FCE2E00F964C3 /* PBXContainerItemProxy */;
		};
		54FD0F4D2B6FCE2E00F964C3 /* PBXTargetDependency */ = {
			isa = PBXTargetDependency;
			target = 54FD0F2A2B6FCE2D00F964C3 /* WHOA_iOS */;
			targetProxy = 54FD0F4C2B6FCE2E00F964C3 /* PBXContainerItemProxy */;
		};
/* End PBXTargetDependency section */

/* Begin XCBuildConfiguration section */
		54FD0F532B6FCE2E00F964C3 /* Debug */ = {
			isa = XCBuildConfiguration;
			buildSettings = {
				ALWAYS_SEARCH_USER_PATHS = NO;
				ASSETCATALOG_COMPILER_GENERATE_SWIFT_ASSET_SYMBOL_EXTENSIONS = YES;
				CLANG_ANALYZER_NONNULL = YES;
				CLANG_ANALYZER_NUMBER_OBJECT_CONVERSION = YES_AGGRESSIVE;
				CLANG_CXX_LANGUAGE_STANDARD = "gnu++20";
				CLANG_ENABLE_MODULES = YES;
				CLANG_ENABLE_OBJC_ARC = YES;
				CLANG_ENABLE_OBJC_WEAK = YES;
				CLANG_WARN_BLOCK_CAPTURE_AUTORELEASING = YES;
				CLANG_WARN_BOOL_CONVERSION = YES;
				CLANG_WARN_COMMA = YES;
				CLANG_WARN_CONSTANT_CONVERSION = YES;
				CLANG_WARN_DEPRECATED_OBJC_IMPLEMENTATIONS = YES;
				CLANG_WARN_DIRECT_OBJC_ISA_USAGE = YES_ERROR;
				CLANG_WARN_DOCUMENTATION_COMMENTS = YES;
				CLANG_WARN_EMPTY_BODY = YES;
				CLANG_WARN_ENUM_CONVERSION = YES;
				CLANG_WARN_INFINITE_RECURSION = YES;
				CLANG_WARN_INT_CONVERSION = YES;
				CLANG_WARN_NON_LITERAL_NULL_CONVERSION = YES;
				CLANG_WARN_OBJC_IMPLICIT_RETAIN_SELF = YES;
				CLANG_WARN_OBJC_LITERAL_CONVERSION = YES;
				CLANG_WARN_OBJC_ROOT_CLASS = YES_ERROR;
				CLANG_WARN_QUOTED_INCLUDE_IN_FRAMEWORK_HEADER = YES;
				CLANG_WARN_RANGE_LOOP_ANALYSIS = YES;
				CLANG_WARN_STRICT_PROTOTYPES = YES;
				CLANG_WARN_SUSPICIOUS_MOVE = YES;
				CLANG_WARN_UNGUARDED_AVAILABILITY = YES_AGGRESSIVE;
				CLANG_WARN_UNREACHABLE_CODE = YES;
				CLANG_WARN__DUPLICATE_METHOD_MATCH = YES;
				COPY_PHASE_STRIP = NO;
				DEBUG_INFORMATION_FORMAT = dwarf;
				ENABLE_STRICT_OBJC_MSGSEND = YES;
				ENABLE_TESTABILITY = YES;
				ENABLE_USER_SCRIPT_SANDBOXING = YES;
				GCC_C_LANGUAGE_STANDARD = gnu17;
				GCC_DYNAMIC_NO_PIC = NO;
				GCC_NO_COMMON_BLOCKS = YES;
				GCC_OPTIMIZATION_LEVEL = 0;
				GCC_PREPROCESSOR_DEFINITIONS = (
					"DEBUG=1",
					"$(inherited)",
				);
				GCC_WARN_64_TO_32_BIT_CONVERSION = YES;
				GCC_WARN_ABOUT_RETURN_TYPE = YES_ERROR;
				GCC_WARN_UNDECLARED_SELECTOR = YES;
				GCC_WARN_UNINITIALIZED_AUTOS = YES_AGGRESSIVE;
				GCC_WARN_UNUSED_FUNCTION = YES;
				GCC_WARN_UNUSED_VARIABLE = YES;
				IPHONEOS_DEPLOYMENT_TARGET = 17.2;
				LOCALIZATION_PREFERS_STRING_CATALOGS = YES;
				MTL_ENABLE_DEBUG_INFO = INCLUDE_SOURCE;
				MTL_FAST_MATH = YES;
				ONLY_ACTIVE_ARCH = YES;
				SDKROOT = iphoneos;
				SWIFT_ACTIVE_COMPILATION_CONDITIONS = "DEBUG $(inherited)";
				SWIFT_OPTIMIZATION_LEVEL = "-Onone";
			};
			name = Debug;
		};
		54FD0F542B6FCE2E00F964C3 /* Release */ = {
			isa = XCBuildConfiguration;
			buildSettings = {
				ALWAYS_SEARCH_USER_PATHS = NO;
				ASSETCATALOG_COMPILER_GENERATE_SWIFT_ASSET_SYMBOL_EXTENSIONS = YES;
				CLANG_ANALYZER_NONNULL = YES;
				CLANG_ANALYZER_NUMBER_OBJECT_CONVERSION = YES_AGGRESSIVE;
				CLANG_CXX_LANGUAGE_STANDARD = "gnu++20";
				CLANG_ENABLE_MODULES = YES;
				CLANG_ENABLE_OBJC_ARC = YES;
				CLANG_ENABLE_OBJC_WEAK = YES;
				CLANG_WARN_BLOCK_CAPTURE_AUTORELEASING = YES;
				CLANG_WARN_BOOL_CONVERSION = YES;
				CLANG_WARN_COMMA = YES;
				CLANG_WARN_CONSTANT_CONVERSION = YES;
				CLANG_WARN_DEPRECATED_OBJC_IMPLEMENTATIONS = YES;
				CLANG_WARN_DIRECT_OBJC_ISA_USAGE = YES_ERROR;
				CLANG_WARN_DOCUMENTATION_COMMENTS = YES;
				CLANG_WARN_EMPTY_BODY = YES;
				CLANG_WARN_ENUM_CONVERSION = YES;
				CLANG_WARN_INFINITE_RECURSION = YES;
				CLANG_WARN_INT_CONVERSION = YES;
				CLANG_WARN_NON_LITERAL_NULL_CONVERSION = YES;
				CLANG_WARN_OBJC_IMPLICIT_RETAIN_SELF = YES;
				CLANG_WARN_OBJC_LITERAL_CONVERSION = YES;
				CLANG_WARN_OBJC_ROOT_CLASS = YES_ERROR;
				CLANG_WARN_QUOTED_INCLUDE_IN_FRAMEWORK_HEADER = YES;
				CLANG_WARN_RANGE_LOOP_ANALYSIS = YES;
				CLANG_WARN_STRICT_PROTOTYPES = YES;
				CLANG_WARN_SUSPICIOUS_MOVE = YES;
				CLANG_WARN_UNGUARDED_AVAILABILITY = YES_AGGRESSIVE;
				CLANG_WARN_UNREACHABLE_CODE = YES;
				CLANG_WARN__DUPLICATE_METHOD_MATCH = YES;
				COPY_PHASE_STRIP = NO;
				DEBUG_INFORMATION_FORMAT = "dwarf-with-dsym";
				ENABLE_NS_ASSERTIONS = NO;
				ENABLE_STRICT_OBJC_MSGSEND = YES;
				ENABLE_USER_SCRIPT_SANDBOXING = YES;
				GCC_C_LANGUAGE_STANDARD = gnu17;
				GCC_NO_COMMON_BLOCKS = YES;
				GCC_WARN_64_TO_32_BIT_CONVERSION = YES;
				GCC_WARN_ABOUT_RETURN_TYPE = YES_ERROR;
				GCC_WARN_UNDECLARED_SELECTOR = YES;
				GCC_WARN_UNINITIALIZED_AUTOS = YES_AGGRESSIVE;
				GCC_WARN_UNUSED_FUNCTION = YES;
				GCC_WARN_UNUSED_VARIABLE = YES;
				IPHONEOS_DEPLOYMENT_TARGET = 17.2;
				LOCALIZATION_PREFERS_STRING_CATALOGS = YES;
				MTL_ENABLE_DEBUG_INFO = NO;
				MTL_FAST_MATH = YES;
				SDKROOT = iphoneos;
				SWIFT_COMPILATION_MODE = wholemodule;
				VALIDATE_PRODUCT = YES;
			};
			name = Release;
		};
		54FD0F562B6FCE2E00F964C3 /* Debug */ = {
			isa = XCBuildConfiguration;
			buildSettings = {
				ASSETCATALOG_COMPILER_APPICON_NAME = AppIcon;
				ASSETCATALOG_COMPILER_GLOBAL_ACCENT_COLOR_NAME = AccentColor;
				CODE_SIGN_IDENTITY = "Apple Development";
				CODE_SIGN_STYLE = Automatic;
				CURRENT_PROJECT_VERSION = 1;
				DEVELOPMENT_TEAM = 7AS2J3XH7B;
				GENERATE_INFOPLIST_FILE = YES;
				INFOPLIST_FILE = WHOA_iOS/SupportingFiles/Info.plist;
				INFOPLIST_KEY_UIApplicationSupportsIndirectInputEvents = YES;
				INFOPLIST_KEY_UILaunchStoryboardName = LaunchScreen;
				INFOPLIST_KEY_UIMainStoryboardFile = "";
				INFOPLIST_KEY_UISupportedInterfaceOrientations_iPad = "UIInterfaceOrientationPortrait UIInterfaceOrientationPortraitUpsideDown UIInterfaceOrientationLandscapeLeft UIInterfaceOrientationLandscapeRight";
				INFOPLIST_KEY_UISupportedInterfaceOrientations_iPhone = "UIInterfaceOrientationPortrait UIInterfaceOrientationLandscapeLeft UIInterfaceOrientationLandscapeRight";
				IPHONEOS_DEPLOYMENT_TARGET = 15.0;
				LD_RUNPATH_SEARCH_PATHS = (
					"$(inherited)",
					"@executable_path/Frameworks",
				);
				MARKETING_VERSION = 1.0;
				PRODUCT_BUNDLE_IDENTIFIER = "suyeon.WHOA-iOS";
				PRODUCT_NAME = "$(TARGET_NAME)";
				PROVISIONING_PROFILE_SPECIFIER = "";
				SUPPORTED_PLATFORMS = "iphoneos iphonesimulator";
				SUPPORTS_MACCATALYST = NO;
				SUPPORTS_MAC_DESIGNED_FOR_IPHONE_IPAD = NO;
				SUPPORTS_XR_DESIGNED_FOR_IPHONE_IPAD = NO;
				SWIFT_EMIT_LOC_STRINGS = YES;
				SWIFT_VERSION = 5.0;
				TARGETED_DEVICE_FAMILY = 1;
			};
			name = Debug;
		};
		54FD0F572B6FCE2E00F964C3 /* Release */ = {
			isa = XCBuildConfiguration;
			buildSettings = {
				ASSETCATALOG_COMPILER_APPICON_NAME = AppIcon;
				ASSETCATALOG_COMPILER_GLOBAL_ACCENT_COLOR_NAME = AccentColor;
				CODE_SIGN_IDENTITY = "Apple Development";
				CODE_SIGN_STYLE = Automatic;
				CURRENT_PROJECT_VERSION = 1;
				DEVELOPMENT_TEAM = 7AS2J3XH7B;
				GENERATE_INFOPLIST_FILE = YES;
				INFOPLIST_FILE = WHOA_iOS/SupportingFiles/Info.plist;
				INFOPLIST_KEY_UIApplicationSupportsIndirectInputEvents = YES;
				INFOPLIST_KEY_UILaunchStoryboardName = LaunchScreen;
				INFOPLIST_KEY_UIMainStoryboardFile = "";
				INFOPLIST_KEY_UISupportedInterfaceOrientations_iPad = "UIInterfaceOrientationPortrait UIInterfaceOrientationPortraitUpsideDown UIInterfaceOrientationLandscapeLeft UIInterfaceOrientationLandscapeRight";
				INFOPLIST_KEY_UISupportedInterfaceOrientations_iPhone = "UIInterfaceOrientationPortrait UIInterfaceOrientationLandscapeLeft UIInterfaceOrientationLandscapeRight";
				IPHONEOS_DEPLOYMENT_TARGET = 15.0;
				LD_RUNPATH_SEARCH_PATHS = (
					"$(inherited)",
					"@executable_path/Frameworks",
				);
				MARKETING_VERSION = 1.0;
				PRODUCT_BUNDLE_IDENTIFIER = "suyeon.WHOA-iOS";
				PRODUCT_NAME = "$(TARGET_NAME)";
				PROVISIONING_PROFILE_SPECIFIER = "";
				SUPPORTED_PLATFORMS = "iphoneos iphonesimulator";
				SUPPORTS_MACCATALYST = NO;
				SUPPORTS_MAC_DESIGNED_FOR_IPHONE_IPAD = NO;
				SUPPORTS_XR_DESIGNED_FOR_IPHONE_IPAD = NO;
				SWIFT_EMIT_LOC_STRINGS = YES;
				SWIFT_VERSION = 5.0;
				TARGETED_DEVICE_FAMILY = 1;
			};
			name = Release;
		};
		54FD0F592B6FCE2E00F964C3 /* Debug */ = {
			isa = XCBuildConfiguration;
			buildSettings = {
				ALWAYS_EMBED_SWIFT_STANDARD_LIBRARIES = YES;
				BUNDLE_LOADER = "$(TEST_HOST)";
				CODE_SIGN_STYLE = Automatic;
				CURRENT_PROJECT_VERSION = 1;
				DEVELOPMENT_TEAM = 7G8HP2JBMK;
				GENERATE_INFOPLIST_FILE = YES;
				IPHONEOS_DEPLOYMENT_TARGET = 17.2;
				MARKETING_VERSION = 1.0;
				PRODUCT_BUNDLE_IDENTIFIER = "KSH.WHOA-iOSTests";
				PRODUCT_NAME = "$(TARGET_NAME)";
				SWIFT_EMIT_LOC_STRINGS = NO;
				SWIFT_VERSION = 5.0;
				TARGETED_DEVICE_FAMILY = "1,2";
				TEST_HOST = "$(BUILT_PRODUCTS_DIR)/WHOA_iOS.app/$(BUNDLE_EXECUTABLE_FOLDER_PATH)/WHOA_iOS";
			};
			name = Debug;
		};
		54FD0F5A2B6FCE2E00F964C3 /* Release */ = {
			isa = XCBuildConfiguration;
			buildSettings = {
				ALWAYS_EMBED_SWIFT_STANDARD_LIBRARIES = YES;
				BUNDLE_LOADER = "$(TEST_HOST)";
				CODE_SIGN_STYLE = Automatic;
				CURRENT_PROJECT_VERSION = 1;
				DEVELOPMENT_TEAM = 7G8HP2JBMK;
				GENERATE_INFOPLIST_FILE = YES;
				IPHONEOS_DEPLOYMENT_TARGET = 17.2;
				MARKETING_VERSION = 1.0;
				PRODUCT_BUNDLE_IDENTIFIER = "KSH.WHOA-iOSTests";
				PRODUCT_NAME = "$(TARGET_NAME)";
				SWIFT_EMIT_LOC_STRINGS = NO;
				SWIFT_VERSION = 5.0;
				TARGETED_DEVICE_FAMILY = "1,2";
				TEST_HOST = "$(BUILT_PRODUCTS_DIR)/WHOA_iOS.app/$(BUNDLE_EXECUTABLE_FOLDER_PATH)/WHOA_iOS";
			};
			name = Release;
		};
		54FD0F5C2B6FCE2E00F964C3 /* Debug */ = {
			isa = XCBuildConfiguration;
			buildSettings = {
				ALWAYS_EMBED_SWIFT_STANDARD_LIBRARIES = YES;
				CODE_SIGN_STYLE = Automatic;
				CURRENT_PROJECT_VERSION = 1;
				DEVELOPMENT_TEAM = 7G8HP2JBMK;
				GENERATE_INFOPLIST_FILE = YES;
				MARKETING_VERSION = 1.0;
				PRODUCT_BUNDLE_IDENTIFIER = "KSH.WHOA-iOSUITests";
				PRODUCT_NAME = "$(TARGET_NAME)";
				SWIFT_EMIT_LOC_STRINGS = NO;
				SWIFT_VERSION = 5.0;
				TARGETED_DEVICE_FAMILY = "1,2";
				TEST_TARGET_NAME = WHOA_iOS;
			};
			name = Debug;
		};
		54FD0F5D2B6FCE2E00F964C3 /* Release */ = {
			isa = XCBuildConfiguration;
			buildSettings = {
				ALWAYS_EMBED_SWIFT_STANDARD_LIBRARIES = YES;
				CODE_SIGN_STYLE = Automatic;
				CURRENT_PROJECT_VERSION = 1;
				DEVELOPMENT_TEAM = 7G8HP2JBMK;
				GENERATE_INFOPLIST_FILE = YES;
				MARKETING_VERSION = 1.0;
				PRODUCT_BUNDLE_IDENTIFIER = "KSH.WHOA-iOSUITests";
				PRODUCT_NAME = "$(TARGET_NAME)";
				SWIFT_EMIT_LOC_STRINGS = NO;
				SWIFT_VERSION = 5.0;
				TARGETED_DEVICE_FAMILY = "1,2";
				TEST_TARGET_NAME = WHOA_iOS;
			};
			name = Release;
		};
/* End XCBuildConfiguration section */

/* Begin XCConfigurationList section */
		54FD0F262B6FCE2D00F964C3 /* Build configuration list for PBXProject "WHOA_iOS" */ = {
			isa = XCConfigurationList;
			buildConfigurations = (
				54FD0F532B6FCE2E00F964C3 /* Debug */,
				54FD0F542B6FCE2E00F964C3 /* Release */,
			);
			defaultConfigurationIsVisible = 0;
			defaultConfigurationName = Release;
		};
		54FD0F552B6FCE2E00F964C3 /* Build configuration list for PBXNativeTarget "WHOA_iOS" */ = {
			isa = XCConfigurationList;
			buildConfigurations = (
				54FD0F562B6FCE2E00F964C3 /* Debug */,
				54FD0F572B6FCE2E00F964C3 /* Release */,
			);
			defaultConfigurationIsVisible = 0;
			defaultConfigurationName = Release;
		};
		54FD0F582B6FCE2E00F964C3 /* Build configuration list for PBXNativeTarget "WHOA_iOSTests" */ = {
			isa = XCConfigurationList;
			buildConfigurations = (
				54FD0F592B6FCE2E00F964C3 /* Debug */,
				54FD0F5A2B6FCE2E00F964C3 /* Release */,
			);
			defaultConfigurationIsVisible = 0;
			defaultConfigurationName = Release;
		};
		54FD0F5B2B6FCE2E00F964C3 /* Build configuration list for PBXNativeTarget "WHOA_iOSUITests" */ = {
			isa = XCConfigurationList;
			buildConfigurations = (
				54FD0F5C2B6FCE2E00F964C3 /* Debug */,
				54FD0F5D2B6FCE2E00F964C3 /* Release */,
			);
			defaultConfigurationIsVisible = 0;
			defaultConfigurationName = Release;
		};
/* End XCConfigurationList section */

/* Begin XCRemoteSwiftPackageReference section */
		54FD0F632B7000C000F964C3 /* XCRemoteSwiftPackageReference "SnapKit" */ = {
			isa = XCRemoteSwiftPackageReference;
			repositoryURL = "https://github.com/SnapKit/SnapKit";
			requirement = {
				kind = upToNextMajorVersion;
				minimumVersion = 5.7.0;
			};
		};
		54FD0F662B7002D300F964C3 /* XCRemoteSwiftPackageReference "Alamofire" */ = {
			isa = XCRemoteSwiftPackageReference;
			repositoryURL = "https://github.com/Alamofire/Alamofire";
			requirement = {
				kind = upToNextMajorVersion;
				minimumVersion = 5.8.1;
			};
		};
/* End XCRemoteSwiftPackageReference section */

/* Begin XCSwiftPackageProductDependency section */
		54FD0F642B7000C000F964C3 /* SnapKit */ = {
			isa = XCSwiftPackageProductDependency;
			package = 54FD0F632B7000C000F964C3 /* XCRemoteSwiftPackageReference "SnapKit" */;
			productName = SnapKit;
		};
		54FD0F672B7002D300F964C3 /* Alamofire */ = {
			isa = XCSwiftPackageProductDependency;
			package = 54FD0F662B7002D300F964C3 /* XCRemoteSwiftPackageReference "Alamofire" */;
			productName = Alamofire;
		};
/* End XCSwiftPackageProductDependency section */
	};
	rootObject = 54FD0F232B6FCE2D00F964C3 /* Project object */;
}
